// !$*UTF8*$!
{
	archiveVersion = 1;
	classes = {
	};
	objectVersion = 50;
	objects = {

/* Begin PBXBuildFile section */
		168DBDE62304A08F00BB9A24 /* Timer.swift in Sources */ = {isa = PBXBuildFile; fileRef = 168DBDE52304A08F00BB9A24 /* Timer.swift */; };
		85137A77230B01A800CAB428 /* Dashboard.storyboard in Resources */ = {isa = PBXBuildFile; fileRef = 85137A76230B01A800CAB428 /* Dashboard.storyboard */; };
		85137A7A230B01C500CAB428 /* MyPlan.storyboard in Resources */ = {isa = PBXBuildFile; fileRef = 85137A78230B01C500CAB428 /* MyPlan.storyboard */; };
		85137A7C230B01E400CAB428 /* Workout.storyboard in Resources */ = {isa = PBXBuildFile; fileRef = 85137A7B230B01E400CAB428 /* Workout.storyboard */; };
		85137A7F230B020500CAB428 /* Profile.storyboard in Resources */ = {isa = PBXBuildFile; fileRef = 85137A7D230B020500CAB428 /* Profile.storyboard */; };
		85137A87230B113C00CAB428 /* ColorAssets.xcassets in Resources */ = {isa = PBXBuildFile; fileRef = 85137A86230B113C00CAB428 /* ColorAssets.xcassets */; };
		85137A89230B14DA00CAB428 /* ColorExtension.swift in Sources */ = {isa = PBXBuildFile; fileRef = 85137A88230B14DA00CAB428 /* ColorExtension.swift */; };
		85137A8E230B374D00CAB428 /* ProfileViewController.swift in Sources */ = {isa = PBXBuildFile; fileRef = 85137A8D230B374D00CAB428 /* ProfileViewController.swift */; };
		8596FA07230A5229008CC790 /* SkeletonProfileViewController.swift in Sources */ = {isa = PBXBuildFile; fileRef = 8596FA06230A5229008CC790 /* SkeletonProfileViewController.swift */; };
		85DBA93223049C1D006990A1 /* AppDelegate.swift in Sources */ = {isa = PBXBuildFile; fileRef = 85DBA93123049C1D006990A1 /* AppDelegate.swift */; };
		85DBA93423049C1D006990A1 /* ViewController.swift in Sources */ = {isa = PBXBuildFile; fileRef = 85DBA93323049C1D006990A1 /* ViewController.swift */; };
		85DBA93723049C1D006990A1 /* Main.storyboard in Resources */ = {isa = PBXBuildFile; fileRef = 85DBA93523049C1D006990A1 /* Main.storyboard */; };
		85DBA93923049C1E006990A1 /* Assets.xcassets in Resources */ = {isa = PBXBuildFile; fileRef = 85DBA93823049C1E006990A1 /* Assets.xcassets */; };
		85DBA93C23049C1E006990A1 /* LaunchScreen.storyboard in Resources */ = {isa = PBXBuildFile; fileRef = 85DBA93A23049C1E006990A1 /* LaunchScreen.storyboard */; };
		85DBA94723049C1E006990A1 /* Get_HIITTests.swift in Sources */ = {isa = PBXBuildFile; fileRef = 85DBA94623049C1E006990A1 /* Get_HIITTests.swift */; };
		85DBA95223049C1E006990A1 /* Get_HIITUITests.swift in Sources */ = {isa = PBXBuildFile; fileRef = 85DBA95123049C1E006990A1 /* Get_HIITUITests.swift */; };
		85DBA96B2304A3BB006990A1 /* AppSkeleton.storyboard in Resources */ = {isa = PBXBuildFile; fileRef = 85DBA96A2304A3BB006990A1 /* AppSkeleton.storyboard */; };
		85DBA97223061EFD006990A1 /* SkeletonMainTabBarViewController.swift in Sources */ = {isa = PBXBuildFile; fileRef = 85DBA97123061EFD006990A1 /* SkeletonMainTabBarViewController.swift */; };
		85DBA97523071E11006990A1 /* SkeletonWorkoutInProgressViewController.swift in Sources */ = {isa = PBXBuildFile; fileRef = 85DBA97423071E11006990A1 /* SkeletonWorkoutInProgressViewController.swift */; };
		85DBA97723073972006990A1 /* SkeletonPostWorkoutViewController.swift in Sources */ = {isa = PBXBuildFile; fileRef = 85DBA97623073972006990A1 /* SkeletonPostWorkoutViewController.swift */; };
		85DBA97923076C91006990A1 /* SkeletonMyPlanViewController.swift in Sources */ = {isa = PBXBuildFile; fileRef = 85DBA97823076C91006990A1 /* SkeletonMyPlanViewController.swift */; };
		85DBA97B2309BE6E006990A1 /* SkeletonCreateNewWorkoutViewController.swift in Sources */ = {isa = PBXBuildFile; fileRef = 85DBA97A2309BE6E006990A1 /* SkeletonCreateNewWorkoutViewController.swift */; };
		85F5F705230C549900693594 /* AboutMeViewController.swift in Sources */ = {isa = PBXBuildFile; fileRef = 85F5F704230C549900693594 /* AboutMeViewController.swift */; };
		85F5F707230C682F00693594 /* Profile.swift in Sources */ = {isa = PBXBuildFile; fileRef = 85F5F706230C682F00693594 /* Profile.swift */; };
		85F5F709230C84FA00693594 /* PasteDisabledTextField.swift in Sources */ = {isa = PBXBuildFile; fileRef = 85F5F708230C84FA00693594 /* PasteDisabledTextField.swift */; };
/* End PBXBuildFile section */

/* Begin PBXContainerItemProxy section */
		85DBA94323049C1E006990A1 /* PBXContainerItemProxy */ = {
			isa = PBXContainerItemProxy;
			containerPortal = 85DBA92623049C1D006990A1 /* Project object */;
			proxyType = 1;
			remoteGlobalIDString = 85DBA92D23049C1D006990A1;
			remoteInfo = "Get-HIIT";
		};
		85DBA94E23049C1E006990A1 /* PBXContainerItemProxy */ = {
			isa = PBXContainerItemProxy;
			containerPortal = 85DBA92623049C1D006990A1 /* Project object */;
			proxyType = 1;
			remoteGlobalIDString = 85DBA92D23049C1D006990A1;
			remoteInfo = "Get-HIIT";
		};
/* End PBXContainerItemProxy section */

/* Begin PBXFileReference section */
		16543A94230B0B63009A7A8C /* TimerController.swift */ = {isa = PBXFileReference; lastKnownFileType = sourcecode.swift; path = TimerController.swift; sourceTree = SOURCE_ROOT; };
		16543A96230B127E009A7A8C /* WorkoutMainViewController.swift */ = {isa = PBXFileReference; lastKnownFileType = sourcecode.swift; path = WorkoutMainViewController.swift; sourceTree = "<group>"; };
		16543A98230B12BB009A7A8C /* WorkoutTableViewCell.swift */ = {isa = PBXFileReference; lastKnownFileType = sourcecode.swift; path = WorkoutTableViewCell.swift; sourceTree = "<group>"; };
		168DBDE52304A08F00BB9A24 /* Timer.swift */ = {isa = PBXFileReference; lastKnownFileType = sourcecode.swift; path = Timer.swift; sourceTree = "<group>"; };
		85137A76230B01A800CAB428 /* Dashboard.storyboard */ = {isa = PBXFileReference; fileEncoding = 4; lastKnownFileType = file.storyboard; path = Dashboard.storyboard; sourceTree = "<group>"; };
		85137A79230B01C500CAB428 /* Base */ = {isa = PBXFileReference; lastKnownFileType = file.storyboard; name = Base; path = "Get-HIIT/Storyboards/Base.lproj/MyPlan.storyboard"; sourceTree = "<group>"; };
		85137A7B230B01E400CAB428 /* Workout.storyboard */ = {isa = PBXFileReference; fileEncoding = 4; lastKnownFileType = file.storyboard; path = Workout.storyboard; sourceTree = "<group>"; };
		85137A7E230B020500CAB428 /* Base */ = {isa = PBXFileReference; lastKnownFileType = file.storyboard; name = Base; path = "Get-HIIT/Storyboards/Base.lproj/Profile.storyboard"; sourceTree = "<group>"; };
		85137A86230B113C00CAB428 /* ColorAssets.xcassets */ = {isa = PBXFileReference; lastKnownFileType = folder.assetcatalog; path = ColorAssets.xcassets; sourceTree = "<group>"; };
		85137A88230B14DA00CAB428 /* ColorExtension.swift */ = {isa = PBXFileReference; lastKnownFileType = sourcecode.swift; path = ColorExtension.swift; sourceTree = "<group>"; };
		85137A8D230B374D00CAB428 /* ProfileViewController.swift */ = {isa = PBXFileReference; lastKnownFileType = sourcecode.swift; path = ProfileViewController.swift; sourceTree = "<group>"; };
		8596FA06230A5229008CC790 /* SkeletonProfileViewController.swift */ = {isa = PBXFileReference; lastKnownFileType = sourcecode.swift; path = SkeletonProfileViewController.swift; sourceTree = "<group>"; };
		85DBA92E23049C1D006990A1 /* Get-HIIT.app */ = {isa = PBXFileReference; explicitFileType = wrapper.application; includeInIndex = 0; path = "Get-HIIT.app"; sourceTree = BUILT_PRODUCTS_DIR; };
		85DBA93123049C1D006990A1 /* AppDelegate.swift */ = {isa = PBXFileReference; lastKnownFileType = sourcecode.swift; path = AppDelegate.swift; sourceTree = "<group>"; };
		85DBA93323049C1D006990A1 /* ViewController.swift */ = {isa = PBXFileReference; lastKnownFileType = sourcecode.swift; path = ViewController.swift; sourceTree = "<group>"; };
		85DBA93623049C1D006990A1 /* Base */ = {isa = PBXFileReference; lastKnownFileType = file.storyboard; name = Base; path = Base.lproj/Main.storyboard; sourceTree = "<group>"; };
		85DBA93823049C1E006990A1 /* Assets.xcassets */ = {isa = PBXFileReference; lastKnownFileType = folder.assetcatalog; path = Assets.xcassets; sourceTree = "<group>"; };
		85DBA93B23049C1E006990A1 /* Base */ = {isa = PBXFileReference; lastKnownFileType = file.storyboard; name = Base; path = Base.lproj/LaunchScreen.storyboard; sourceTree = "<group>"; };
		85DBA93D23049C1E006990A1 /* Info.plist */ = {isa = PBXFileReference; lastKnownFileType = text.plist.xml; path = Info.plist; sourceTree = "<group>"; };
		85DBA94223049C1E006990A1 /* Get-HIITTests.xctest */ = {isa = PBXFileReference; explicitFileType = wrapper.cfbundle; includeInIndex = 0; path = "Get-HIITTests.xctest"; sourceTree = BUILT_PRODUCTS_DIR; };
		85DBA94623049C1E006990A1 /* Get_HIITTests.swift */ = {isa = PBXFileReference; lastKnownFileType = sourcecode.swift; path = Get_HIITTests.swift; sourceTree = "<group>"; };
		85DBA94823049C1E006990A1 /* Info.plist */ = {isa = PBXFileReference; lastKnownFileType = text.plist.xml; path = Info.plist; sourceTree = "<group>"; };
		85DBA94D23049C1E006990A1 /* Get-HIITUITests.xctest */ = {isa = PBXFileReference; explicitFileType = wrapper.cfbundle; includeInIndex = 0; path = "Get-HIITUITests.xctest"; sourceTree = BUILT_PRODUCTS_DIR; };
		85DBA95123049C1E006990A1 /* Get_HIITUITests.swift */ = {isa = PBXFileReference; lastKnownFileType = sourcecode.swift; path = Get_HIITUITests.swift; sourceTree = "<group>"; };
		85DBA95323049C1E006990A1 /* Info.plist */ = {isa = PBXFileReference; lastKnownFileType = text.plist.xml; path = Info.plist; sourceTree = "<group>"; };
		85DBA96A2304A3BB006990A1 /* AppSkeleton.storyboard */ = {isa = PBXFileReference; lastKnownFileType = file.storyboard; path = AppSkeleton.storyboard; sourceTree = "<group>"; };
		85DBA97123061EFD006990A1 /* SkeletonMainTabBarViewController.swift */ = {isa = PBXFileReference; lastKnownFileType = sourcecode.swift; path = SkeletonMainTabBarViewController.swift; sourceTree = "<group>"; };
		85DBA97423071E11006990A1 /* SkeletonWorkoutInProgressViewController.swift */ = {isa = PBXFileReference; lastKnownFileType = sourcecode.swift; path = SkeletonWorkoutInProgressViewController.swift; sourceTree = "<group>"; };
		85DBA97623073972006990A1 /* SkeletonPostWorkoutViewController.swift */ = {isa = PBXFileReference; lastKnownFileType = sourcecode.swift; path = SkeletonPostWorkoutViewController.swift; sourceTree = "<group>"; };
		85DBA97823076C91006990A1 /* SkeletonMyPlanViewController.swift */ = {isa = PBXFileReference; lastKnownFileType = sourcecode.swift; path = SkeletonMyPlanViewController.swift; sourceTree = "<group>"; };
		85DBA97A2309BE6E006990A1 /* SkeletonCreateNewWorkoutViewController.swift */ = {isa = PBXFileReference; lastKnownFileType = sourcecode.swift; path = SkeletonCreateNewWorkoutViewController.swift; sourceTree = "<group>"; };
		85F5F704230C549900693594 /* AboutMeViewController.swift */ = {isa = PBXFileReference; lastKnownFileType = sourcecode.swift; path = AboutMeViewController.swift; sourceTree = "<group>"; };
		85F5F706230C682F00693594 /* Profile.swift */ = {isa = PBXFileReference; lastKnownFileType = sourcecode.swift; path = Profile.swift; sourceTree = "<group>"; };
		85F5F708230C84FA00693594 /* PasteDisabledTextField.swift */ = {isa = PBXFileReference; lastKnownFileType = sourcecode.swift; path = PasteDisabledTextField.swift; sourceTree = "<group>"; };
/* End PBXFileReference section */

/* Begin PBXFrameworksBuildPhase section */
		85DBA92B23049C1D006990A1 /* Frameworks */ = {
			isa = PBXFrameworksBuildPhase;
			buildActionMask = 2147483647;
			files = (
			);
			runOnlyForDeploymentPostprocessing = 0;
		};
		85DBA93F23049C1E006990A1 /* Frameworks */ = {
			isa = PBXFrameworksBuildPhase;
			buildActionMask = 2147483647;
			files = (
			);
			runOnlyForDeploymentPostprocessing = 0;
		};
		85DBA94A23049C1E006990A1 /* Frameworks */ = {
			isa = PBXFrameworksBuildPhase;
			buildActionMask = 2147483647;
			files = (
			);
			runOnlyForDeploymentPostprocessing = 0;
		};
/* End PBXFrameworksBuildPhase section */

/* Begin PBXGroup section */
		16543A9C230B4036009A7A8C /* Extensions */ = {
			isa = PBXGroup;
			children = (
			);
			path = Extensions;
			sourceTree = "<group>";
		};
		85137A72230B015500CAB428 /* Dashboard */ = {
			isa = PBXGroup;
			children = (
				85137A76230B01A800CAB428 /* Dashboard.storyboard */,
			);
			path = Dashboard;
			sourceTree = "<group>";
		};
		85137A73230B016300CAB428 /* MyPlan */ = {
			isa = PBXGroup;
			children = (
				85137A78230B01C500CAB428 /* MyPlan.storyboard */,
			);
			path = MyPlan;
			sourceTree = "<group>";
		};
		85137A74230B016E00CAB428 /* Workout */ = {
			isa = PBXGroup;
			children = (
				85137A7B230B01E400CAB428 /* Workout.storyboard */,
			);
			path = Workout;
			sourceTree = "<group>";
		};
		85137A75230B017C00CAB428 /* Profile */ = {
			isa = PBXGroup;
			children = (
				85137A7D230B020500CAB428 /* Profile.storyboard */,
			);
			path = Profile;
			sourceTree = "<group>";
		};
		85137A80230B02D300CAB428 /* ModelControllers */ = {
			isa = PBXGroup;
			children = (
				16543A94230B0B63009A7A8C /* TimerController.swift */,
			);
			path = ModelControllers;
			sourceTree = "<group>";
		};
		85137A81230B02DE00CAB428 /* Helpers+Extensions */ = {
			isa = PBXGroup;
			children = (
				85137A88230B14DA00CAB428 /* ColorExtension.swift */,
				85F5F708230C84FA00693594 /* PasteDisabledTextField.swift */,
			);
			path = "Helpers+Extensions";
			sourceTree = "<group>";
		};
		85137A82230B02E600CAB428 /* Views */ = {
			isa = PBXGroup;
			children = (
			);
			path = Views;
			sourceTree = "<group>";
		};
		85137A83230B030100CAB428 /* Main+LaunchScreen */ = {
			isa = PBXGroup;
			children = (
				85DBA93A23049C1E006990A1 /* LaunchScreen.storyboard */,
				85DBA93523049C1D006990A1 /* Main.storyboard */,
			);
			path = "Main+LaunchScreen";
			sourceTree = "<group>";
		};
		85137A84230B078600CAB428 /* Recovered References */ = {
			isa = PBXGroup;
			children = (
			);
			name = "Recovered References";
			sourceTree = "<group>";
		};
		85137A8C230B373700CAB428 /* ProfileViewControllers */ = {
			isa = PBXGroup;
			children = (
				85137A8D230B374D00CAB428 /* ProfileViewController.swift */,
				85F5F704230C549900693594 /* AboutMeViewController.swift */,
			);
			path = ProfileViewControllers;
			sourceTree = "<group>";
		};
		85DBA92523049C1D006990A1 = {
			isa = PBXGroup;
			children = (
				85DBA93023049C1D006990A1 /* Get-HIIT */,
				85DBA94523049C1E006990A1 /* Get-HIITTests */,
				85DBA95023049C1E006990A1 /* Get-HIITUITests */,
				85DBA92F23049C1D006990A1 /* Products */,
				85137A84230B078600CAB428 /* Recovered References */,
			);
			sourceTree = "<group>";
		};
		85DBA92F23049C1D006990A1 /* Products */ = {
			isa = PBXGroup;
			children = (
				85DBA92E23049C1D006990A1 /* Get-HIIT.app */,
				85DBA94223049C1E006990A1 /* Get-HIITTests.xctest */,
				85DBA94D23049C1E006990A1 /* Get-HIITUITests.xctest */,
			);
			name = Products;
			sourceTree = "<group>";
		};
		85DBA93023049C1D006990A1 /* Get-HIIT */ = {
			isa = PBXGroup;
			children = (
				85DBA96723049DD1006990A1 /* Models */,
				85137A82230B02E600CAB428 /* Views */,
				85DBA96223049DA1006990A1 /* Controllers */,
				16543A9C230B4036009A7A8C /* Extensions */,
				85DBA97323061F22006990A1 /* SkeletonStoryboard */,
				85DBA96023049D8F006990A1 /* Storyboards */,
				85DBA95F23049D83006990A1 /* Resources */,
			);
			path = "Get-HIIT";
			sourceTree = "<group>";
		};
		85DBA94523049C1E006990A1 /* Get-HIITTests */ = {
			isa = PBXGroup;
			children = (
				85DBA94623049C1E006990A1 /* Get_HIITTests.swift */,
				85DBA94823049C1E006990A1 /* Info.plist */,
			);
			path = "Get-HIITTests";
			sourceTree = "<group>";
		};
		85DBA95023049C1E006990A1 /* Get-HIITUITests */ = {
			isa = PBXGroup;
			children = (
				85DBA95123049C1E006990A1 /* Get_HIITUITests.swift */,
				85DBA95323049C1E006990A1 /* Info.plist */,
			);
			path = "Get-HIITUITests";
			sourceTree = "<group>";
		};
		85DBA95F23049D83006990A1 /* Resources */ = {
			isa = PBXGroup;
			children = (
				85DBA93123049C1D006990A1 /* AppDelegate.swift */,
				85DBA93823049C1E006990A1 /* Assets.xcassets */,
				85137A86230B113C00CAB428 /* ColorAssets.xcassets */,
				85DBA93D23049C1E006990A1 /* Info.plist */,
			);
			path = Resources;
			sourceTree = "<group>";
		};
		85DBA96023049D8F006990A1 /* Storyboards */ = {
			isa = PBXGroup;
			children = (
				85137A72230B015500CAB428 /* Dashboard */,
				85137A73230B016300CAB428 /* MyPlan */,
				85137A74230B016E00CAB428 /* Workout */,
				85137A75230B017C00CAB428 /* Profile */,
				85137A83230B030100CAB428 /* Main+LaunchScreen */,
			);
			path = Storyboards;
			sourceTree = "<group>";
		};
		85DBA96123049D98006990A1 /* ViewControllers */ = {
			isa = PBXGroup;
			children = (
				85137A8C230B373700CAB428 /* ProfileViewControllers */,
				85DBA93323049C1D006990A1 /* ViewController.swift */,
				16543A96230B127E009A7A8C /* WorkoutMainViewController.swift */,
				16543A98230B12BB009A7A8C /* WorkoutTableViewCell.swift */,
				85DBA97023061E70006990A1 /* Skeleton */,
			);
			path = ViewControllers;
			sourceTree = "<group>";
		};
		85DBA96223049DA1006990A1 /* Controllers */ = {
			isa = PBXGroup;
			children = (
				85137A81230B02DE00CAB428 /* Helpers+Extensions */,
				85DBA96523049DB6006990A1 /* AnimationControllers */,
				85137A80230B02D300CAB428 /* ModelControllers */,
				85DBA96123049D98006990A1 /* ViewControllers */,
			);
			path = Controllers;
			sourceTree = "<group>";
		};
		85DBA96523049DB6006990A1 /* AnimationControllers */ = {
			isa = PBXGroup;
			children = (
			);
			path = AnimationControllers;
			sourceTree = "<group>";
		};
		85DBA96723049DD1006990A1 /* Models */ = {
			isa = PBXGroup;
			children = (
				168DBDE52304A08F00BB9A24 /* Timer.swift */,
				85F5F706230C682F00693594 /* Profile.swift */,
			);
			path = Models;
			sourceTree = "<group>";
		};
		85DBA97023061E70006990A1 /* Skeleton */ = {
			isa = PBXGroup;
			children = (
				85DBA97123061EFD006990A1 /* SkeletonMainTabBarViewController.swift */,
				85DBA97823076C91006990A1 /* SkeletonMyPlanViewController.swift */,
				85DBA97A2309BE6E006990A1 /* SkeletonCreateNewWorkoutViewController.swift */,
				85DBA97423071E11006990A1 /* SkeletonWorkoutInProgressViewController.swift */,
				85DBA97623073972006990A1 /* SkeletonPostWorkoutViewController.swift */,
				8596FA06230A5229008CC790 /* SkeletonProfileViewController.swift */,
			);
			path = Skeleton;
			sourceTree = "<group>";
		};
		85DBA97323061F22006990A1 /* SkeletonStoryboard */ = {
			isa = PBXGroup;
			children = (
				85DBA96A2304A3BB006990A1 /* AppSkeleton.storyboard */,
			);
			path = SkeletonStoryboard;
			sourceTree = "<group>";
		};
/* End PBXGroup section */

/* Begin PBXNativeTarget section */
		85DBA92D23049C1D006990A1 /* Get-HIIT */ = {
			isa = PBXNativeTarget;
			buildConfigurationList = 85DBA95623049C1E006990A1 /* Build configuration list for PBXNativeTarget "Get-HIIT" */;
			buildPhases = (
				85DBA92A23049C1D006990A1 /* Sources */,
				85DBA92B23049C1D006990A1 /* Frameworks */,
				85DBA92C23049C1D006990A1 /* Resources */,
			);
			buildRules = (
			);
			dependencies = (
			);
			name = "Get-HIIT";
			productName = "Get-HIIT";
			productReference = 85DBA92E23049C1D006990A1 /* Get-HIIT.app */;
			productType = "com.apple.product-type.application";
		};
		85DBA94123049C1E006990A1 /* Get-HIITTests */ = {
			isa = PBXNativeTarget;
			buildConfigurationList = 85DBA95923049C1E006990A1 /* Build configuration list for PBXNativeTarget "Get-HIITTests" */;
			buildPhases = (
				85DBA93E23049C1E006990A1 /* Sources */,
				85DBA93F23049C1E006990A1 /* Frameworks */,
				85DBA94023049C1E006990A1 /* Resources */,
			);
			buildRules = (
			);
			dependencies = (
				85DBA94423049C1E006990A1 /* PBXTargetDependency */,
			);
			name = "Get-HIITTests";
			productName = "Get-HIITTests";
			productReference = 85DBA94223049C1E006990A1 /* Get-HIITTests.xctest */;
			productType = "com.apple.product-type.bundle.unit-test";
		};
		85DBA94C23049C1E006990A1 /* Get-HIITUITests */ = {
			isa = PBXNativeTarget;
			buildConfigurationList = 85DBA95C23049C1E006990A1 /* Build configuration list for PBXNativeTarget "Get-HIITUITests" */;
			buildPhases = (
				85DBA94923049C1E006990A1 /* Sources */,
				85DBA94A23049C1E006990A1 /* Frameworks */,
				85DBA94B23049C1E006990A1 /* Resources */,
			);
			buildRules = (
			);
			dependencies = (
				85DBA94F23049C1E006990A1 /* PBXTargetDependency */,
			);
			name = "Get-HIITUITests";
			productName = "Get-HIITUITests";
			productReference = 85DBA94D23049C1E006990A1 /* Get-HIITUITests.xctest */;
			productType = "com.apple.product-type.bundle.ui-testing";
		};
/* End PBXNativeTarget section */

/* Begin PBXProject section */
		85DBA92623049C1D006990A1 /* Project object */ = {
			isa = PBXProject;
			attributes = {
				LastSwiftUpdateCheck = 1030;
				LastUpgradeCheck = 1030;
				ORGANIZATIONNAME = "Timothy Rosenvall";
				TargetAttributes = {
					85DBA92D23049C1D006990A1 = {
						CreatedOnToolsVersion = 10.3;
					};
					85DBA94123049C1E006990A1 = {
						CreatedOnToolsVersion = 10.3;
						TestTargetID = 85DBA92D23049C1D006990A1;
					};
					85DBA94C23049C1E006990A1 = {
						CreatedOnToolsVersion = 10.3;
						TestTargetID = 85DBA92D23049C1D006990A1;
					};
				};
			};
			buildConfigurationList = 85DBA92923049C1D006990A1 /* Build configuration list for PBXProject "Get-HIIT" */;
			compatibilityVersion = "Xcode 9.3";
			developmentRegion = en;
			hasScannedForEncodings = 0;
			knownRegions = (
				en,
				Base,
			);
			mainGroup = 85DBA92523049C1D006990A1;
			productRefGroup = 85DBA92F23049C1D006990A1 /* Products */;
			projectDirPath = "";
			projectRoot = "";
			targets = (
				85DBA92D23049C1D006990A1 /* Get-HIIT */,
				85DBA94123049C1E006990A1 /* Get-HIITTests */,
				85DBA94C23049C1E006990A1 /* Get-HIITUITests */,
			);
		};
/* End PBXProject section */

/* Begin PBXResourcesBuildPhase section */
		85DBA92C23049C1D006990A1 /* Resources */ = {
			isa = PBXResourcesBuildPhase;
			buildActionMask = 2147483647;
			files = (
				85137A7C230B01E400CAB428 /* Workout.storyboard in Resources */,
				85DBA93C23049C1E006990A1 /* LaunchScreen.storyboard in Resources */,
				85137A7F230B020500CAB428 /* Profile.storyboard in Resources */,
				85137A77230B01A800CAB428 /* Dashboard.storyboard in Resources */,
				85137A87230B113C00CAB428 /* ColorAssets.xcassets in Resources */,
				85DBA93923049C1E006990A1 /* Assets.xcassets in Resources */,
				85137A7A230B01C500CAB428 /* MyPlan.storyboard in Resources */,
				85DBA93723049C1D006990A1 /* Main.storyboard in Resources */,
				85DBA96B2304A3BB006990A1 /* AppSkeleton.storyboard in Resources */,
			);
			runOnlyForDeploymentPostprocessing = 0;
		};
		85DBA94023049C1E006990A1 /* Resources */ = {
			isa = PBXResourcesBuildPhase;
			buildActionMask = 2147483647;
			files = (
			);
			runOnlyForDeploymentPostprocessing = 0;
		};
		85DBA94B23049C1E006990A1 /* Resources */ = {
			isa = PBXResourcesBuildPhase;
			buildActionMask = 2147483647;
			files = (
			);
			runOnlyForDeploymentPostprocessing = 0;
		};
/* End PBXResourcesBuildPhase section */

/* Begin PBXSourcesBuildPhase section */
		85DBA92A23049C1D006990A1 /* Sources */ = {
			isa = PBXSourcesBuildPhase;
			buildActionMask = 2147483647;
			files = (
				85DBA97723073972006990A1 /* SkeletonPostWorkoutViewController.swift in Sources */,
				85DBA97523071E11006990A1 /* SkeletonWorkoutInProgressViewController.swift in Sources */,
				85DBA93423049C1D006990A1 /* ViewController.swift in Sources */,
				85F5F707230C682F00693594 /* Profile.swift in Sources */,
				85DBA97223061EFD006990A1 /* SkeletonMainTabBarViewController.swift in Sources */,
				168DBDE62304A08F00BB9A24 /* Timer.swift in Sources */,
				85137A8E230B374D00CAB428 /* ProfileViewController.swift in Sources */,
				85F5F709230C84FA00693594 /* PasteDisabledTextField.swift in Sources */,
				85DBA93223049C1D006990A1 /* AppDelegate.swift in Sources */,
				8596FA07230A5229008CC790 /* SkeletonProfileViewController.swift in Sources */,
				85DBA97923076C91006990A1 /* SkeletonMyPlanViewController.swift in Sources */,
				85137A89230B14DA00CAB428 /* ColorExtension.swift in Sources */,
				85F5F705230C549900693594 /* AboutMeViewController.swift in Sources */,
				85DBA97B2309BE6E006990A1 /* SkeletonCreateNewWorkoutViewController.swift in Sources */,
			);
			runOnlyForDeploymentPostprocessing = 0;
		};
		85DBA93E23049C1E006990A1 /* Sources */ = {
			isa = PBXSourcesBuildPhase;
			buildActionMask = 2147483647;
			files = (
				85DBA94723049C1E006990A1 /* Get_HIITTests.swift in Sources */,
			);
			runOnlyForDeploymentPostprocessing = 0;
		};
		85DBA94923049C1E006990A1 /* Sources */ = {
			isa = PBXSourcesBuildPhase;
			buildActionMask = 2147483647;
			files = (
				85DBA95223049C1E006990A1 /* Get_HIITUITests.swift in Sources */,
			);
			runOnlyForDeploymentPostprocessing = 0;
		};
/* End PBXSourcesBuildPhase section */

/* Begin PBXTargetDependency section */
		85DBA94423049C1E006990A1 /* PBXTargetDependency */ = {
			isa = PBXTargetDependency;
			target = 85DBA92D23049C1D006990A1 /* Get-HIIT */;
			targetProxy = 85DBA94323049C1E006990A1 /* PBXContainerItemProxy */;
		};
		85DBA94F23049C1E006990A1 /* PBXTargetDependency */ = {
			isa = PBXTargetDependency;
			target = 85DBA92D23049C1D006990A1 /* Get-HIIT */;
			targetProxy = 85DBA94E23049C1E006990A1 /* PBXContainerItemProxy */;
		};
/* End PBXTargetDependency section */

/* Begin PBXVariantGroup section */
		85137A78230B01C500CAB428 /* MyPlan.storyboard */ = {
			isa = PBXVariantGroup;
			children = (
				85137A79230B01C500CAB428 /* Base */,
			);
			name = MyPlan.storyboard;
			sourceTree = "<group>";
		};
		85137A7D230B020500CAB428 /* Profile.storyboard */ = {
			isa = PBXVariantGroup;
			children = (
				85137A7E230B020500CAB428 /* Base */,
			);
			name = Profile.storyboard;
			sourceTree = "<group>";
		};
		85DBA93523049C1D006990A1 /* Main.storyboard */ = {
			isa = PBXVariantGroup;
			children = (
				85DBA93623049C1D006990A1 /* Base */,
			);
			name = Main.storyboard;
			sourceTree = "<group>";
		};
		85DBA93A23049C1E006990A1 /* LaunchScreen.storyboard */ = {
			isa = PBXVariantGroup;
			children = (
				85DBA93B23049C1E006990A1 /* Base */,
			);
			name = LaunchScreen.storyboard;
			sourceTree = "<group>";
		};
/* End PBXVariantGroup section */

/* Begin XCBuildConfiguration section */
		85DBA95423049C1E006990A1 /* Debug */ = {
			isa = XCBuildConfiguration;
			buildSettings = {
				ALWAYS_SEARCH_USER_PATHS = NO;
				CLANG_ANALYZER_NONNULL = YES;
				CLANG_ANALYZER_NUMBER_OBJECT_CONVERSION = YES_AGGRESSIVE;
				CLANG_CXX_LANGUAGE_STANDARD = "gnu++14";
				CLANG_CXX_LIBRARY = "libc++";
				CLANG_ENABLE_MODULES = YES;
				CLANG_ENABLE_OBJC_ARC = YES;
				CLANG_ENABLE_OBJC_WEAK = YES;
				CLANG_WARN_BLOCK_CAPTURE_AUTORELEASING = YES;
				CLANG_WARN_BOOL_CONVERSION = YES;
				CLANG_WARN_COMMA = YES;
				CLANG_WARN_CONSTANT_CONVERSION = YES;
				CLANG_WARN_DEPRECATED_OBJC_IMPLEMENTATIONS = YES;
				CLANG_WARN_DIRECT_OBJC_ISA_USAGE = YES_ERROR;
				CLANG_WARN_DOCUMENTATION_COMMENTS = YES;
				CLANG_WARN_EMPTY_BODY = YES;
				CLANG_WARN_ENUM_CONVERSION = YES;
				CLANG_WARN_INFINITE_RECURSION = YES;
				CLANG_WARN_INT_CONVERSION = YES;
				CLANG_WARN_NON_LITERAL_NULL_CONVERSION = YES;
				CLANG_WARN_OBJC_IMPLICIT_RETAIN_SELF = YES;
				CLANG_WARN_OBJC_LITERAL_CONVERSION = YES;
				CLANG_WARN_OBJC_ROOT_CLASS = YES_ERROR;
				CLANG_WARN_RANGE_LOOP_ANALYSIS = YES;
				CLANG_WARN_STRICT_PROTOTYPES = YES;
				CLANG_WARN_SUSPICIOUS_MOVE = YES;
				CLANG_WARN_UNGUARDED_AVAILABILITY = YES_AGGRESSIVE;
				CLANG_WARN_UNREACHABLE_CODE = YES;
				CLANG_WARN__DUPLICATE_METHOD_MATCH = YES;
				CODE_SIGN_IDENTITY = "iPhone Developer";
				COPY_PHASE_STRIP = NO;
				DEBUG_INFORMATION_FORMAT = dwarf;
				ENABLE_STRICT_OBJC_MSGSEND = YES;
				ENABLE_TESTABILITY = YES;
				GCC_C_LANGUAGE_STANDARD = gnu11;
				GCC_DYNAMIC_NO_PIC = NO;
				GCC_NO_COMMON_BLOCKS = YES;
				GCC_OPTIMIZATION_LEVEL = 0;
				GCC_PREPROCESSOR_DEFINITIONS = (
					"DEBUG=1",
					"$(inherited)",
				);
				GCC_WARN_64_TO_32_BIT_CONVERSION = YES;
				GCC_WARN_ABOUT_RETURN_TYPE = YES_ERROR;
				GCC_WARN_UNDECLARED_SELECTOR = YES;
				GCC_WARN_UNINITIALIZED_AUTOS = YES_AGGRESSIVE;
				GCC_WARN_UNUSED_FUNCTION = YES;
				GCC_WARN_UNUSED_VARIABLE = YES;
				IPHONEOS_DEPLOYMENT_TARGET = 12.4;
				MTL_ENABLE_DEBUG_INFO = INCLUDE_SOURCE;
				MTL_FAST_MATH = YES;
				ONLY_ACTIVE_ARCH = YES;
				SDKROOT = iphoneos;
				SWIFT_ACTIVE_COMPILATION_CONDITIONS = DEBUG;
				SWIFT_OPTIMIZATION_LEVEL = "-Onone";
			};
			name = Debug;
		};
		85DBA95523049C1E006990A1 /* Release */ = {
			isa = XCBuildConfiguration;
			buildSettings = {
				ALWAYS_SEARCH_USER_PATHS = NO;
				CLANG_ANALYZER_NONNULL = YES;
				CLANG_ANALYZER_NUMBER_OBJECT_CONVERSION = YES_AGGRESSIVE;
				CLANG_CXX_LANGUAGE_STANDARD = "gnu++14";
				CLANG_CXX_LIBRARY = "libc++";
				CLANG_ENABLE_MODULES = YES;
				CLANG_ENABLE_OBJC_ARC = YES;
				CLANG_ENABLE_OBJC_WEAK = YES;
				CLANG_WARN_BLOCK_CAPTURE_AUTORELEASING = YES;
				CLANG_WARN_BOOL_CONVERSION = YES;
				CLANG_WARN_COMMA = YES;
				CLANG_WARN_CONSTANT_CONVERSION = YES;
				CLANG_WARN_DEPRECATED_OBJC_IMPLEMENTATIONS = YES;
				CLANG_WARN_DIRECT_OBJC_ISA_USAGE = YES_ERROR;
				CLANG_WARN_DOCUMENTATION_COMMENTS = YES;
				CLANG_WARN_EMPTY_BODY = YES;
				CLANG_WARN_ENUM_CONVERSION = YES;
				CLANG_WARN_INFINITE_RECURSION = YES;
				CLANG_WARN_INT_CONVERSION = YES;
				CLANG_WARN_NON_LITERAL_NULL_CONVERSION = YES;
				CLANG_WARN_OBJC_IMPLICIT_RETAIN_SELF = YES;
				CLANG_WARN_OBJC_LITERAL_CONVERSION = YES;
				CLANG_WARN_OBJC_ROOT_CLASS = YES_ERROR;
				CLANG_WARN_RANGE_LOOP_ANALYSIS = YES;
				CLANG_WARN_STRICT_PROTOTYPES = YES;
				CLANG_WARN_SUSPICIOUS_MOVE = YES;
				CLANG_WARN_UNGUARDED_AVAILABILITY = YES_AGGRESSIVE;
				CLANG_WARN_UNREACHABLE_CODE = YES;
				CLANG_WARN__DUPLICATE_METHOD_MATCH = YES;
				CODE_SIGN_IDENTITY = "iPhone Developer";
				COPY_PHASE_STRIP = NO;
				DEBUG_INFORMATION_FORMAT = "dwarf-with-dsym";
				ENABLE_NS_ASSERTIONS = NO;
				ENABLE_STRICT_OBJC_MSGSEND = YES;
				GCC_C_LANGUAGE_STANDARD = gnu11;
				GCC_NO_COMMON_BLOCKS = YES;
				GCC_WARN_64_TO_32_BIT_CONVERSION = YES;
				GCC_WARN_ABOUT_RETURN_TYPE = YES_ERROR;
				GCC_WARN_UNDECLARED_SELECTOR = YES;
				GCC_WARN_UNINITIALIZED_AUTOS = YES_AGGRESSIVE;
				GCC_WARN_UNUSED_FUNCTION = YES;
				GCC_WARN_UNUSED_VARIABLE = YES;
				IPHONEOS_DEPLOYMENT_TARGET = 12.4;
				MTL_ENABLE_DEBUG_INFO = NO;
				MTL_FAST_MATH = YES;
				SDKROOT = iphoneos;
				SWIFT_COMPILATION_MODE = wholemodule;
				SWIFT_OPTIMIZATION_LEVEL = "-O";
				VALIDATE_PRODUCT = YES;
			};
			name = Release;
		};
		85DBA95723049C1E006990A1 /* Debug */ = {
			isa = XCBuildConfiguration;
			buildSettings = {
				ASSETCATALOG_COMPILER_APPICON_NAME = AppIcon;
				CODE_SIGN_STYLE = Automatic;
				DEVELOPMENT_TEAM = YY8J3FPYX8;
				INFOPLIST_FILE = "$(SRCROOT)/Get-HIIT/Resources/Info.plist";
				LD_RUNPATH_SEARCH_PATHS = (
					"$(inherited)",
					"@executable_path/Frameworks",
				);
				PRODUCT_BUNDLE_IDENTIFIER = "TAR.Get-HIIT";
				PRODUCT_NAME = "$(TARGET_NAME)";
				SWIFT_VERSION = 5.0;
				TARGETED_DEVICE_FAMILY = "1,2";
			};
			name = Debug;
		};
		85DBA95823049C1E006990A1 /* Release */ = {
			isa = XCBuildConfiguration;
			buildSettings = {
				ASSETCATALOG_COMPILER_APPICON_NAME = AppIcon;
				CODE_SIGN_STYLE = Automatic;
				DEVELOPMENT_TEAM = YY8J3FPYX8;
				INFOPLIST_FILE = "$(SRCROOT)/Get-HIIT/Resources/Info.plist";
				LD_RUNPATH_SEARCH_PATHS = (
					"$(inherited)",
					"@executable_path/Frameworks",
				);
				PRODUCT_BUNDLE_IDENTIFIER = "TAR.Get-HIIT";
				PRODUCT_NAME = "$(TARGET_NAME)";
				SWIFT_VERSION = 5.0;
				TARGETED_DEVICE_FAMILY = "1,2";
			};
			name = Release;
		};
		85DBA95A23049C1E006990A1 /* Debug */ = {
			isa = XCBuildConfiguration;
			buildSettings = {
				ALWAYS_EMBED_SWIFT_STANDARD_LIBRARIES = YES;
				BUNDLE_LOADER = "$(TEST_HOST)";
				CODE_SIGN_STYLE = Automatic;
				DEVELOPMENT_TEAM = YY8J3FPYX8;
				INFOPLIST_FILE = "Get-HIITTests/Info.plist";
				LD_RUNPATH_SEARCH_PATHS = (
					"$(inherited)",
					"@executable_path/Frameworks",
					"@loader_path/Frameworks",
				);
				PRODUCT_BUNDLE_IDENTIFIER = "TAR.Get-HIITTests";
				PRODUCT_NAME = "$(TARGET_NAME)";
				SWIFT_VERSION = 5.0;
				TARGETED_DEVICE_FAMILY = "1,2";
				TEST_HOST = "$(BUILT_PRODUCTS_DIR)/Get-HIIT.app/Get-HIIT";
			};
			name = Debug;
		};
		85DBA95B23049C1E006990A1 /* Release */ = {
			isa = XCBuildConfiguration;
			buildSettings = {
				ALWAYS_EMBED_SWIFT_STANDARD_LIBRARIES = YES;
				BUNDLE_LOADER = "$(TEST_HOST)";
				CODE_SIGN_STYLE = Automatic;
				DEVELOPMENT_TEAM = YY8J3FPYX8;
				INFOPLIST_FILE = "Get-HIITTests/Info.plist";
				LD_RUNPATH_SEARCH_PATHS = (
					"$(inherited)",
					"@executable_path/Frameworks",
					"@loader_path/Frameworks",
				);
				PRODUCT_BUNDLE_IDENTIFIER = "TAR.Get-HIITTests";
				PRODUCT_NAME = "$(TARGET_NAME)";
				SWIFT_VERSION = 5.0;
				TARGETED_DEVICE_FAMILY = "1,2";
				TEST_HOST = "$(BUILT_PRODUCTS_DIR)/Get-HIIT.app/Get-HIIT";
			};
			name = Release;
		};
		85DBA95D23049C1E006990A1 /* Debug */ = {
			isa = XCBuildConfiguration;
			buildSettings = {
				ALWAYS_EMBED_SWIFT_STANDARD_LIBRARIES = YES;
				CODE_SIGN_STYLE = Automatic;
				DEVELOPMENT_TEAM = YY8J3FPYX8;
				INFOPLIST_FILE = "Get-HIITUITests/Info.plist";
				LD_RUNPATH_SEARCH_PATHS = (
					"$(inherited)",
					"@executable_path/Frameworks",
					"@loader_path/Frameworks",
				);
				PRODUCT_BUNDLE_IDENTIFIER = "TAR.Get-HIITUITests";
				PRODUCT_NAME = "$(TARGET_NAME)";
				SWIFT_VERSION = 5.0;
				TARGETED_DEVICE_FAMILY = "1,2";
				TEST_TARGET_NAME = "Get-HIIT";
			};
			name = Debug;
		};
		85DBA95E23049C1E006990A1 /* Release */ = {
			isa = XCBuildConfiguration;
			buildSettings = {
				ALWAYS_EMBED_SWIFT_STANDARD_LIBRARIES = YES;
				CODE_SIGN_STYLE = Automatic;
				DEVELOPMENT_TEAM = YY8J3FPYX8;
				INFOPLIST_FILE = "Get-HIITUITests/Info.plist";
				LD_RUNPATH_SEARCH_PATHS = (
					"$(inherited)",
					"@executable_path/Frameworks",
					"@loader_path/Frameworks",
				);
				PRODUCT_BUNDLE_IDENTIFIER = "TAR.Get-HIITUITests";
				PRODUCT_NAME = "$(TARGET_NAME)";
				SWIFT_VERSION = 5.0;
				TARGETED_DEVICE_FAMILY = "1,2";
				TEST_TARGET_NAME = "Get-HIIT";
			};
			name = Release;
		};
/* End XCBuildConfiguration section */

/* Begin XCConfigurationList section */
		85DBA92923049C1D006990A1 /* Build configuration list for PBXProject "Get-HIIT" */ = {
			isa = XCConfigurationList;
			buildConfigurations = (
				85DBA95423049C1E006990A1 /* Debug */,
				85DBA95523049C1E006990A1 /* Release */,
			);
			defaultConfigurationIsVisible = 0;
			defaultConfigurationName = Release;
		};
		85DBA95623049C1E006990A1 /* Build configuration list for PBXNativeTarget "Get-HIIT" */ = {
			isa = XCConfigurationList;
			buildConfigurations = (
				85DBA95723049C1E006990A1 /* Debug */,
				85DBA95823049C1E006990A1 /* Release */,
			);
			defaultConfigurationIsVisible = 0;
			defaultConfigurationName = Release;
		};
		85DBA95923049C1E006990A1 /* Build configuration list for PBXNativeTarget "Get-HIITTests" */ = {
			isa = XCConfigurationList;
			buildConfigurations = (
				85DBA95A23049C1E006990A1 /* Debug */,
				85DBA95B23049C1E006990A1 /* Release */,
			);
			defaultConfigurationIsVisible = 0;
			defaultConfigurationName = Release;
		};
		85DBA95C23049C1E006990A1 /* Build configuration list for PBXNativeTarget "Get-HIITUITests" */ = {
			isa = XCConfigurationList;
			buildConfigurations = (
				85DBA95D23049C1E006990A1 /* Debug */,
				85DBA95E23049C1E006990A1 /* Release */,
			);
			defaultConfigurationIsVisible = 0;
			defaultConfigurationName = Release;
		};
/* End XCConfigurationList section */
	};
	rootObject = 85DBA92623049C1D006990A1 /* Project object */;
}
