// !$*UTF8*$!
{
	archiveVersion = 1;
	classes = {
	};
	objectVersion = 51;
	objects = {

/* Begin PBXBuildFile section */
		16284C2B2318DD4E00135BAB /* DashboardViewController.swift in Sources */ = {isa = PBXBuildFile; fileRef = 16284C2A2318DD4E00135BAB /* DashboardViewController.swift */; };
		16284C2D231977BD00135BAB /* GifHelper.swift in Sources */ = {isa = PBXBuildFile; fileRef = 16284C2C231977BD00135BAB /* GifHelper.swift */; };
		16284C30231978A100135BAB /* GifAssets.xcassets in Resources */ = {isa = PBXBuildFile; fileRef = 16284C2F231978A100135BAB /* GifAssets.xcassets */; };
		162B50C2231851B200681627 /* DescriptionViewController.swift in Sources */ = {isa = PBXBuildFile; fileRef = 162B50C1231851B200681627 /* DescriptionViewController.swift */; };
		1696860E23186AA200C41F48 /* CreateWorkoutTableViewCell.swift in Sources */ = {isa = PBXBuildFile; fileRef = 1696860D23186AA200C41F48 /* CreateWorkoutTableViewCell.swift */; };
		1696861223186C5000C41F48 /* CreateWorkoutViewController.swift in Sources */ = {isa = PBXBuildFile; fileRef = 1696861123186C5000C41F48 /* CreateWorkoutViewController.swift */; };
		1696861523186F0200C41F48 /* SelectWorkoutViewController.swift in Sources */ = {isa = PBXBuildFile; fileRef = 1696861423186F0200C41F48 /* SelectWorkoutViewController.swift */; };
		1696861723186F2400C41F48 /* SelectWorkoutTableViewCell.swift in Sources */ = {isa = PBXBuildFile; fileRef = 1696861623186F2400C41F48 /* SelectWorkoutTableViewCell.swift */; };
		1696861923186F7200C41F48 /* PastWorkoutsTableViewCell.swift in Sources */ = {isa = PBXBuildFile; fileRef = 1696861823186F7200C41F48 /* PastWorkoutsTableViewCell.swift */; };
		1696861B23186F8000C41F48 /* UpcomingWorkoutsTableViewCell.swift in Sources */ = {isa = PBXBuildFile; fileRef = 1696861A23186F8000C41F48 /* UpcomingWorkoutsTableViewCell.swift */; };
		1696861D23186FC900C41F48 /* PastWorkoutsViewController.swift in Sources */ = {isa = PBXBuildFile; fileRef = 1696861C23186FC900C41F48 /* PastWorkoutsViewController.swift */; };
		1696861F23186FD300C41F48 /* UpcomingWorkoutsViewController.swift in Sources */ = {isa = PBXBuildFile; fileRef = 1696861E23186FD300C41F48 /* UpcomingWorkoutsViewController.swift */; };
		169E01F6230FA24100A7BC79 /* nunito in Resources */ = {isa = PBXBuildFile; fileRef = 169E01F5230FA24100A7BC79 /* nunito */; };
		16E42B24230DBE17002A6251 /* CountdownTimer.swift in Sources */ = {isa = PBXBuildFile; fileRef = 16E42B23230DBE17002A6251 /* CountdownTimer.swift */; };
		4CF1471945C577D89242A38C /* Pods_Get_HIITUITests.framework in Frameworks */ = {isa = PBXBuildFile; fileRef = 8FECDE3AEE575E37E4339330 /* Pods_Get_HIITUITests.framework */; };
		85013DC42318CFD400A36EC7 /* SetGradient.swift in Sources */ = {isa = PBXBuildFile; fileRef = 85013DC32318CFD400A36EC7 /* SetGradient.swift */; };
		85013DCB2318E7E100A36EC7 /* CreateNewWorkoutViewController.swift in Sources */ = {isa = PBXBuildFile; fileRef = 85013DCA2318E7E100A36EC7 /* CreateNewWorkoutViewController.swift */; };
		85137A77230B01A800CAB428 /* Dashboard.storyboard in Resources */ = {isa = PBXBuildFile; fileRef = 85137A76230B01A800CAB428 /* Dashboard.storyboard */; };
		85137A7A230B01C500CAB428 /* MyPlan.storyboard in Resources */ = {isa = PBXBuildFile; fileRef = 85137A78230B01C500CAB428 /* MyPlan.storyboard */; };
		85137A7C230B01E400CAB428 /* Workout.storyboard in Resources */ = {isa = PBXBuildFile; fileRef = 85137A7B230B01E400CAB428 /* Workout.storyboard */; };
		85137A7F230B020500CAB428 /* Profile.storyboard in Resources */ = {isa = PBXBuildFile; fileRef = 85137A7D230B020500CAB428 /* Profile.storyboard */; };
		85137A87230B113C00CAB428 /* ColorAssets.xcassets in Resources */ = {isa = PBXBuildFile; fileRef = 85137A86230B113C00CAB428 /* ColorAssets.xcassets */; };
		85137A89230B14DA00CAB428 /* ColorExtension.swift in Sources */ = {isa = PBXBuildFile; fileRef = 85137A88230B14DA00CAB428 /* ColorExtension.swift */; };
		85137A8E230B374D00CAB428 /* ProfileViewController.swift in Sources */ = {isa = PBXBuildFile; fileRef = 85137A8D230B374D00CAB428 /* ProfileViewController.swift */; };
		85590BB22317C07C00DD278E /* WorkoutEditTableViewCell.swift in Sources */ = {isa = PBXBuildFile; fileRef = 85590BB12317C07C00DD278E /* WorkoutEditTableViewCell.swift */; };
		8581825D231B0A4A00D7772A /* ChooseWorkoutViewController.swift in Sources */ = {isa = PBXBuildFile; fileRef = 8581825C231B0A4A00D7772A /* ChooseWorkoutViewController.swift */; };
		8596FA07230A5229008CC790 /* SkeletonProfileViewController.swift in Sources */ = {isa = PBXBuildFile; fileRef = 8596FA06230A5229008CC790 /* SkeletonProfileViewController.swift */; };
		85BED3FE2315959B00011F9A /* WorkoutMainViewController.swift in Sources */ = {isa = PBXBuildFile; fileRef = 85BED3FD2315959B00011F9A /* WorkoutMainViewController.swift */; };
		85BED4012315980300011F9A /* WorkoutTableViewCell.swift in Sources */ = {isa = PBXBuildFile; fileRef = 85BED4002315980300011F9A /* WorkoutTableViewCell.swift */; };
		85BED4032315A0EA00011F9A /* Workout.swift in Sources */ = {isa = PBXBuildFile; fileRef = 85BED4022315A0EA00011F9A /* Workout.swift */; };
		85BED4052315A15100011F9A /* ExerciseController.swift in Sources */ = {isa = PBXBuildFile; fileRef = 85BED4042315A15100011F9A /* ExerciseController.swift */; };
		85BED40B2315ADDF00011F9A /* WorkoutListTableViewCell.swift in Sources */ = {isa = PBXBuildFile; fileRef = 85BED40A2315ADDF00011F9A /* WorkoutListTableViewCell.swift */; };
		85BED40D23173D8800011F9A /* Workouts.swift in Sources */ = {isa = PBXBuildFile; fileRef = 85BED40C23173D8800011F9A /* Workouts.swift */; };
		85BED41123173EDF00011F9A /* WorkoutsController.swift in Sources */ = {isa = PBXBuildFile; fileRef = 85BED41023173EDF00011F9A /* WorkoutsController.swift */; };
		85BED4152317B5FF00011F9A /* WorkoutEditViewController.swift in Sources */ = {isa = PBXBuildFile; fileRef = 85BED4142317B5FF00011F9A /* WorkoutEditViewController.swift */; };
		85C4F47A231D451B00E3C372 /* WorkoutCompleteViewController.swift in Sources */ = {isa = PBXBuildFile; fileRef = 85C4F479231D451B00E3C372 /* WorkoutCompleteViewController.swift */; };
		85C4F47C231D877400E3C372 /* MyPlanViewController.swift in Sources */ = {isa = PBXBuildFile; fileRef = 85C4F47B231D877400E3C372 /* MyPlanViewController.swift */; };
		85DBA93223049C1D006990A1 /* AppDelegate.swift in Sources */ = {isa = PBXBuildFile; fileRef = 85DBA93123049C1D006990A1 /* AppDelegate.swift */; };
		85DBA93723049C1D006990A1 /* Main.storyboard in Resources */ = {isa = PBXBuildFile; fileRef = 85DBA93523049C1D006990A1 /* Main.storyboard */; };
		85DBA93923049C1E006990A1 /* Assets.xcassets in Resources */ = {isa = PBXBuildFile; fileRef = 85DBA93823049C1E006990A1 /* Assets.xcassets */; };
		85DBA93C23049C1E006990A1 /* LaunchScreen.storyboard in Resources */ = {isa = PBXBuildFile; fileRef = 85DBA93A23049C1E006990A1 /* LaunchScreen.storyboard */; };
		85DBA94723049C1E006990A1 /* Get_HIITTests.swift in Sources */ = {isa = PBXBuildFile; fileRef = 85DBA94623049C1E006990A1 /* Get_HIITTests.swift */; };
		85DBA95223049C1E006990A1 /* Get_HIITUITests.swift in Sources */ = {isa = PBXBuildFile; fileRef = 85DBA95123049C1E006990A1 /* Get_HIITUITests.swift */; };
		85DBA96B2304A3BB006990A1 /* AppSkeleton.storyboard in Resources */ = {isa = PBXBuildFile; fileRef = 85DBA96A2304A3BB006990A1 /* AppSkeleton.storyboard */; };
		85DBA97223061EFD006990A1 /* SkeletonMainTabBarViewController.swift in Sources */ = {isa = PBXBuildFile; fileRef = 85DBA97123061EFD006990A1 /* SkeletonMainTabBarViewController.swift */; };
		85DBA97523071E11006990A1 /* SkeletonWorkoutInProgressViewController.swift in Sources */ = {isa = PBXBuildFile; fileRef = 85DBA97423071E11006990A1 /* SkeletonWorkoutInProgressViewController.swift */; };
		85DBA97723073972006990A1 /* SkeletonPostWorkoutViewController.swift in Sources */ = {isa = PBXBuildFile; fileRef = 85DBA97623073972006990A1 /* SkeletonPostWorkoutViewController.swift */; };
		85DBA97923076C91006990A1 /* SkeletonMyPlanViewController.swift in Sources */ = {isa = PBXBuildFile; fileRef = 85DBA97823076C91006990A1 /* SkeletonMyPlanViewController.swift */; };
		85DBA97B2309BE6E006990A1 /* SkeletonCreateNewWorkoutViewController.swift in Sources */ = {isa = PBXBuildFile; fileRef = 85DBA97A2309BE6E006990A1 /* SkeletonCreateNewWorkoutViewController.swift */; };
		85F5F705230C549900693594 /* AboutMeViewController.swift in Sources */ = {isa = PBXBuildFile; fileRef = 85F5F704230C549900693594 /* AboutMeViewController.swift */; };
		85F5F70B230C8DBA00693594 /* Profile.swift in Sources */ = {isa = PBXBuildFile; fileRef = 85F5F70A230C8DBA00693594 /* Profile.swift */; };
		85F5F70C230C8E1D00693594 /* PasteDisabledTextField.swift in Sources */ = {isa = PBXBuildFile; fileRef = 85F5F708230C84FA00693594 /* PasteDisabledTextField.swift */; };
		85F5F70D230C8E9700693594 /* WorkoutTimerViewController.swift in Sources */ = {isa = PBXBuildFile; fileRef = 1619ED0C230C840200DFACEC /* WorkoutTimerViewController.swift */; };
		85F5F713230CAA3F00693594 /* ProfileController.swift in Sources */ = {isa = PBXBuildFile; fileRef = 85F5F712230CAA3F00693594 /* ProfileController.swift */; };
		85F5F717230DBE1000693594 /* HealthKit.framework in Frameworks */ = {isa = PBXBuildFile; fileRef = 85F5F716230DBE1000693594 /* HealthKit.framework */; };
		85F5F719230DBE5600693594 /* HealthKitController.swift in Sources */ = {isa = PBXBuildFile; fileRef = 85F5F718230DBE5600693594 /* HealthKitController.swift */; };
		85F5F71B230E548E00693594 /* RemindersViewController.swift in Sources */ = {isa = PBXBuildFile; fileRef = 85F5F71A230E548E00693594 /* RemindersViewController.swift */; };
		85F5F7572310808C00693594 /* MainTabBarViewController.swift in Sources */ = {isa = PBXBuildFile; fileRef = 85F5F7562310808C00693594 /* MainTabBarViewController.swift */; };
		85F5F76C23109E9F00693594 /* Nunito-Regular.ttf in Resources */ = {isa = PBXBuildFile; fileRef = 85F5F76323109E9F00693594 /* Nunito-Regular.ttf */; };
		85F5F76D23109E9F00693594 /* Nunito-ExtraLight.ttf in Resources */ = {isa = PBXBuildFile; fileRef = 85F5F76423109E9F00693594 /* Nunito-ExtraLight.ttf */; };
		85F5F76E23109E9F00693594 /* Nunito-SemiBold.ttf in Resources */ = {isa = PBXBuildFile; fileRef = 85F5F76523109E9F00693594 /* Nunito-SemiBold.ttf */; };
		85F5F76F23109E9F00693594 /* Nunito-Bold.ttf in Resources */ = {isa = PBXBuildFile; fileRef = 85F5F76623109E9F00693594 /* Nunito-Bold.ttf */; };
		85F5F77023109E9F00693594 /* Nunito-Black.ttf in Resources */ = {isa = PBXBuildFile; fileRef = 85F5F76723109E9F00693594 /* Nunito-Black.ttf */; };
		85F5F77123109E9F00693594 /* Nunito-ExtraBold.ttf in Resources */ = {isa = PBXBuildFile; fileRef = 85F5F76823109E9F00693594 /* Nunito-ExtraBold.ttf */; };
		85F5F77223109E9F00693594 /* Nunito-Light.ttf in Resources */ = {isa = PBXBuildFile; fileRef = 85F5F76923109E9F00693594 /* Nunito-Light.ttf */; };
		85F5F77323109E9F00693594 /* Nunito-Medium.ttf in Resources */ = {isa = PBXBuildFile; fileRef = 85F5F76A23109E9F00693594 /* Nunito-Medium.ttf */; };
		85F5F77423109E9F00693594 /* SIL Open Font License.txt in Resources */ = {isa = PBXBuildFile; fileRef = 85F5F76B23109E9F00693594 /* SIL Open Font License.txt */; };
		B66D8E823902E014DAD84D00 /* Pods_Get_HIIT.framework in Frameworks */ = {isa = PBXBuildFile; fileRef = 9AE9562EB7F723C76F3C7709 /* Pods_Get_HIIT.framework */; };
		DAF270A9612F4993383774C3 /* Pods_Get_HIITTests.framework in Frameworks */ = {isa = PBXBuildFile; fileRef = 8202494FFD63DD4962657554 /* Pods_Get_HIITTests.framework */; };
/* End PBXBuildFile section */

/* Begin PBXContainerItemProxy section */
		85DBA94323049C1E006990A1 /* PBXContainerItemProxy */ = {
			isa = PBXContainerItemProxy;
			containerPortal = 85DBA92623049C1D006990A1 /* Project object */;
			proxyType = 1;
			remoteGlobalIDString = 85DBA92D23049C1D006990A1;
			remoteInfo = "Get-HIIT";
		};
		85DBA94E23049C1E006990A1 /* PBXContainerItemProxy */ = {
			isa = PBXContainerItemProxy;
			containerPortal = 85DBA92623049C1D006990A1 /* Project object */;
			proxyType = 1;
			remoteGlobalIDString = 85DBA92D23049C1D006990A1;
			remoteInfo = "Get-HIIT";
		};
/* End PBXContainerItemProxy section */

/* Begin PBXFileReference section */
		1619ED0C230C840200DFACEC /* WorkoutTimerViewController.swift */ = {isa = PBXFileReference; lastKnownFileType = sourcecode.swift; name = WorkoutTimerViewController.swift; path = ../Skeleton/WorkoutTimerViewController.swift; sourceTree = "<group>"; };
		16284C2A2318DD4E00135BAB /* DashboardViewController.swift */ = {isa = PBXFileReference; lastKnownFileType = sourcecode.swift; path = DashboardViewController.swift; sourceTree = "<group>"; };
		16284C2C231977BD00135BAB /* GifHelper.swift */ = {isa = PBXFileReference; lastKnownFileType = sourcecode.swift; path = GifHelper.swift; sourceTree = "<group>"; };
		16284C2F231978A100135BAB /* GifAssets.xcassets */ = {isa = PBXFileReference; lastKnownFileType = folder.assetcatalog; path = GifAssets.xcassets; sourceTree = "<group>"; };
		16284C3123197CC800135BAB /* NotificationPayload.apns */ = {isa = PBXFileReference; lastKnownFileType = text; path = NotificationPayload.apns; sourceTree = "<group>"; };
		162B50C1231851B200681627 /* DescriptionViewController.swift */ = {isa = PBXFileReference; lastKnownFileType = sourcecode.swift; path = DescriptionViewController.swift; sourceTree = "<group>"; };
		1696860D23186AA200C41F48 /* CreateWorkoutTableViewCell.swift */ = {isa = PBXFileReference; lastKnownFileType = sourcecode.swift; name = CreateWorkoutTableViewCell.swift; path = "Get-HIIT/Views/My Plan Cells/CreateWorkoutTableViewCell.swift"; sourceTree = SOURCE_ROOT; };
		1696861123186C5000C41F48 /* CreateWorkoutViewController.swift */ = {isa = PBXFileReference; lastKnownFileType = sourcecode.swift; name = CreateWorkoutViewController.swift; path = "Get-HIIT/Controllers/ViewControllers/ProfileViewControllers/CreateWorkoutViewController.swift"; sourceTree = SOURCE_ROOT; };
		1696861423186F0200C41F48 /* SelectWorkoutViewController.swift */ = {isa = PBXFileReference; lastKnownFileType = sourcecode.swift; path = SelectWorkoutViewController.swift; sourceTree = "<group>"; };
		1696861623186F2400C41F48 /* SelectWorkoutTableViewCell.swift */ = {isa = PBXFileReference; lastKnownFileType = sourcecode.swift; path = SelectWorkoutTableViewCell.swift; sourceTree = "<group>"; };
		1696861823186F7200C41F48 /* PastWorkoutsTableViewCell.swift */ = {isa = PBXFileReference; lastKnownFileType = sourcecode.swift; path = PastWorkoutsTableViewCell.swift; sourceTree = "<group>"; };
		1696861A23186F8000C41F48 /* UpcomingWorkoutsTableViewCell.swift */ = {isa = PBXFileReference; lastKnownFileType = sourcecode.swift; path = UpcomingWorkoutsTableViewCell.swift; sourceTree = "<group>"; };
		1696861C23186FC900C41F48 /* PastWorkoutsViewController.swift */ = {isa = PBXFileReference; lastKnownFileType = sourcecode.swift; path = PastWorkoutsViewController.swift; sourceTree = "<group>"; };
		1696861E23186FD300C41F48 /* UpcomingWorkoutsViewController.swift */ = {isa = PBXFileReference; lastKnownFileType = sourcecode.swift; path = UpcomingWorkoutsViewController.swift; sourceTree = "<group>"; };
		169E01F5230FA24100A7BC79 /* nunito */ = {isa = PBXFileReference; lastKnownFileType = folder; path = nunito; sourceTree = "<group>"; };
		16E42B23230DBE17002A6251 /* CountdownTimer.swift */ = {isa = PBXFileReference; lastKnownFileType = sourcecode.swift; path = CountdownTimer.swift; sourceTree = "<group>"; };
		25FFF6610E22626BFCCC89E9 /* Pods-Get-HIIT.debug.xcconfig */ = {isa = PBXFileReference; includeInIndex = 1; lastKnownFileType = text.xcconfig; name = "Pods-Get-HIIT.debug.xcconfig"; path = "Target Support Files/Pods-Get-HIIT/Pods-Get-HIIT.debug.xcconfig"; sourceTree = "<group>"; };
		3EB631764EB12882A9CABC16 /* Pods-Get-HIIT.release.xcconfig */ = {isa = PBXFileReference; includeInIndex = 1; lastKnownFileType = text.xcconfig; name = "Pods-Get-HIIT.release.xcconfig"; path = "Target Support Files/Pods-Get-HIIT/Pods-Get-HIIT.release.xcconfig"; sourceTree = "<group>"; };
		8202494FFD63DD4962657554 /* Pods_Get_HIITTests.framework */ = {isa = PBXFileReference; explicitFileType = wrapper.framework; includeInIndex = 0; path = Pods_Get_HIITTests.framework; sourceTree = BUILT_PRODUCTS_DIR; };
		85013DC32318CFD400A36EC7 /* SetGradient.swift */ = {isa = PBXFileReference; fileEncoding = 4; lastKnownFileType = sourcecode.swift; path = SetGradient.swift; sourceTree = "<group>"; };
		85013DCA2318E7E100A36EC7 /* CreateNewWorkoutViewController.swift */ = {isa = PBXFileReference; lastKnownFileType = sourcecode.swift; path = CreateNewWorkoutViewController.swift; sourceTree = "<group>"; };
		85137A76230B01A800CAB428 /* Dashboard.storyboard */ = {isa = PBXFileReference; fileEncoding = 4; lastKnownFileType = file.storyboard; path = Dashboard.storyboard; sourceTree = "<group>"; };
		85137A79230B01C500CAB428 /* Base */ = {isa = PBXFileReference; lastKnownFileType = file.storyboard; name = Base; path = "Get-HIIT/Storyboards/Base.lproj/MyPlan.storyboard"; sourceTree = "<group>"; };
		85137A7B230B01E400CAB428 /* Workout.storyboard */ = {isa = PBXFileReference; fileEncoding = 4; lastKnownFileType = file.storyboard; path = Workout.storyboard; sourceTree = "<group>"; };
		85137A7E230B020500CAB428 /* Base */ = {isa = PBXFileReference; lastKnownFileType = file.storyboard; name = Base; path = "Get-HIIT/Storyboards/Base.lproj/Profile.storyboard"; sourceTree = "<group>"; };
		85137A86230B113C00CAB428 /* ColorAssets.xcassets */ = {isa = PBXFileReference; lastKnownFileType = folder.assetcatalog; path = ColorAssets.xcassets; sourceTree = "<group>"; };
		85137A88230B14DA00CAB428 /* ColorExtension.swift */ = {isa = PBXFileReference; lastKnownFileType = sourcecode.swift; path = ColorExtension.swift; sourceTree = "<group>"; };
		85137A8D230B374D00CAB428 /* ProfileViewController.swift */ = {isa = PBXFileReference; lastKnownFileType = sourcecode.swift; path = ProfileViewController.swift; sourceTree = "<group>"; };
		85590BB12317C07C00DD278E /* WorkoutEditTableViewCell.swift */ = {isa = PBXFileReference; lastKnownFileType = sourcecode.swift; path = WorkoutEditTableViewCell.swift; sourceTree = "<group>"; };
		8581825C231B0A4A00D7772A /* ChooseWorkoutViewController.swift */ = {isa = PBXFileReference; lastKnownFileType = sourcecode.swift; path = ChooseWorkoutViewController.swift; sourceTree = "<group>"; };
		8596FA06230A5229008CC790 /* SkeletonProfileViewController.swift */ = {isa = PBXFileReference; lastKnownFileType = sourcecode.swift; path = SkeletonProfileViewController.swift; sourceTree = "<group>"; };
		85BED3FD2315959B00011F9A /* WorkoutMainViewController.swift */ = {isa = PBXFileReference; lastKnownFileType = sourcecode.swift; path = WorkoutMainViewController.swift; sourceTree = "<group>"; };
		85BED4002315980300011F9A /* WorkoutTableViewCell.swift */ = {isa = PBXFileReference; lastKnownFileType = sourcecode.swift; path = WorkoutTableViewCell.swift; sourceTree = "<group>"; };
		85BED4022315A0EA00011F9A /* Workout.swift */ = {isa = PBXFileReference; lastKnownFileType = sourcecode.swift; path = Workout.swift; sourceTree = "<group>"; };
		85BED4042315A15100011F9A /* ExerciseController.swift */ = {isa = PBXFileReference; lastKnownFileType = sourcecode.swift; name = ExerciseController.swift; path = "Get-HIIT/Models/ExerciseController.swift"; sourceTree = SOURCE_ROOT; };
		85BED40A2315ADDF00011F9A /* WorkoutListTableViewCell.swift */ = {isa = PBXFileReference; lastKnownFileType = sourcecode.swift; path = WorkoutListTableViewCell.swift; sourceTree = "<group>"; };
		85BED40C23173D8800011F9A /* Workouts.swift */ = {isa = PBXFileReference; lastKnownFileType = sourcecode.swift; path = Workouts.swift; sourceTree = "<group>"; };
		85BED41023173EDF00011F9A /* WorkoutsController.swift */ = {isa = PBXFileReference; lastKnownFileType = sourcecode.swift; name = WorkoutsController.swift; path = "Get-HIIT/Models/WorkoutsController.swift"; sourceTree = SOURCE_ROOT; };
		85BED4142317B5FF00011F9A /* WorkoutEditViewController.swift */ = {isa = PBXFileReference; lastKnownFileType = sourcecode.swift; path = WorkoutEditViewController.swift; sourceTree = "<group>"; };
		85C4F479231D451B00E3C372 /* WorkoutCompleteViewController.swift */ = {isa = PBXFileReference; lastKnownFileType = sourcecode.swift; path = WorkoutCompleteViewController.swift; sourceTree = "<group>"; };
		85C4F47B231D877400E3C372 /* MyPlanViewController.swift */ = {isa = PBXFileReference; fileEncoding = 4; lastKnownFileType = sourcecode.swift; path = MyPlanViewController.swift; sourceTree = "<group>"; };
		85DBA92E23049C1D006990A1 /* Get-HIIT.app */ = {isa = PBXFileReference; explicitFileType = wrapper.application; includeInIndex = 0; path = "Get-HIIT.app"; sourceTree = BUILT_PRODUCTS_DIR; };
		85DBA93123049C1D006990A1 /* AppDelegate.swift */ = {isa = PBXFileReference; lastKnownFileType = sourcecode.swift; path = AppDelegate.swift; sourceTree = "<group>"; };
		85DBA93623049C1D006990A1 /* Base */ = {isa = PBXFileReference; lastKnownFileType = file.storyboard; name = Base; path = Base.lproj/Main.storyboard; sourceTree = "<group>"; };
		85DBA93823049C1E006990A1 /* Assets.xcassets */ = {isa = PBXFileReference; lastKnownFileType = folder.assetcatalog; path = Assets.xcassets; sourceTree = "<group>"; };
		85DBA93B23049C1E006990A1 /* Base */ = {isa = PBXFileReference; lastKnownFileType = file.storyboard; name = Base; path = Base.lproj/LaunchScreen.storyboard; sourceTree = "<group>"; };
		85DBA93D23049C1E006990A1 /* Info.plist */ = {isa = PBXFileReference; lastKnownFileType = text.plist.xml; path = Info.plist; sourceTree = "<group>"; };
		85DBA94223049C1E006990A1 /* Get-HIITTests.xctest */ = {isa = PBXFileReference; explicitFileType = wrapper.cfbundle; includeInIndex = 0; path = "Get-HIITTests.xctest"; sourceTree = BUILT_PRODUCTS_DIR; };
		85DBA94623049C1E006990A1 /* Get_HIITTests.swift */ = {isa = PBXFileReference; lastKnownFileType = sourcecode.swift; path = Get_HIITTests.swift; sourceTree = "<group>"; };
		85DBA94823049C1E006990A1 /* Info.plist */ = {isa = PBXFileReference; lastKnownFileType = text.plist.xml; path = Info.plist; sourceTree = "<group>"; };
		85DBA94D23049C1E006990A1 /* Get-HIITUITests.xctest */ = {isa = PBXFileReference; explicitFileType = wrapper.cfbundle; includeInIndex = 0; path = "Get-HIITUITests.xctest"; sourceTree = BUILT_PRODUCTS_DIR; };
		85DBA95123049C1E006990A1 /* Get_HIITUITests.swift */ = {isa = PBXFileReference; lastKnownFileType = sourcecode.swift; path = Get_HIITUITests.swift; sourceTree = "<group>"; };
		85DBA95323049C1E006990A1 /* Info.plist */ = {isa = PBXFileReference; lastKnownFileType = text.plist.xml; path = Info.plist; sourceTree = "<group>"; };
		85DBA96A2304A3BB006990A1 /* AppSkeleton.storyboard */ = {isa = PBXFileReference; lastKnownFileType = file.storyboard; path = AppSkeleton.storyboard; sourceTree = "<group>"; };
		85DBA97123061EFD006990A1 /* SkeletonMainTabBarViewController.swift */ = {isa = PBXFileReference; lastKnownFileType = sourcecode.swift; path = SkeletonMainTabBarViewController.swift; sourceTree = "<group>"; };
		85DBA97423071E11006990A1 /* SkeletonWorkoutInProgressViewController.swift */ = {isa = PBXFileReference; lastKnownFileType = sourcecode.swift; path = SkeletonWorkoutInProgressViewController.swift; sourceTree = "<group>"; };
		85DBA97623073972006990A1 /* SkeletonPostWorkoutViewController.swift */ = {isa = PBXFileReference; lastKnownFileType = sourcecode.swift; path = SkeletonPostWorkoutViewController.swift; sourceTree = "<group>"; };
		85DBA97823076C91006990A1 /* SkeletonMyPlanViewController.swift */ = {isa = PBXFileReference; lastKnownFileType = sourcecode.swift; path = SkeletonMyPlanViewController.swift; sourceTree = "<group>"; };
		85DBA97A2309BE6E006990A1 /* SkeletonCreateNewWorkoutViewController.swift */ = {isa = PBXFileReference; lastKnownFileType = sourcecode.swift; path = SkeletonCreateNewWorkoutViewController.swift; sourceTree = "<group>"; };
		85F5F704230C549900693594 /* AboutMeViewController.swift */ = {isa = PBXFileReference; lastKnownFileType = sourcecode.swift; path = AboutMeViewController.swift; sourceTree = "<group>"; };
		85F5F706230C682F00693594 /* Profile.swift */ = {isa = PBXFileReference; lastKnownFileType = sourcecode.swift; path = Profile.swift; sourceTree = "<group>"; };
		85F5F708230C84FA00693594 /* PasteDisabledTextField.swift */ = {isa = PBXFileReference; lastKnownFileType = sourcecode.swift; path = PasteDisabledTextField.swift; sourceTree = "<group>"; };
		85F5F70A230C8DBA00693594 /* Profile.swift */ = {isa = PBXFileReference; lastKnownFileType = sourcecode.swift; path = Profile.swift; sourceTree = "<group>"; };
		85F5F712230CAA3F00693594 /* ProfileController.swift */ = {isa = PBXFileReference; lastKnownFileType = sourcecode.swift; name = ProfileController.swift; path = "Get-HIIT/Controllers/Helpers+Extensions/ProfileController.swift"; sourceTree = SOURCE_ROOT; };
		85F5F714230DBE1000693594 /* Get-HIIT.entitlements */ = {isa = PBXFileReference; lastKnownFileType = text.plist.entitlements; path = "Get-HIIT.entitlements"; sourceTree = "<group>"; };
		85F5F716230DBE1000693594 /* HealthKit.framework */ = {isa = PBXFileReference; lastKnownFileType = wrapper.framework; name = HealthKit.framework; path = System/Library/Frameworks/HealthKit.framework; sourceTree = SDKROOT; };
		85F5F718230DBE5600693594 /* HealthKitController.swift */ = {isa = PBXFileReference; lastKnownFileType = sourcecode.swift; path = HealthKitController.swift; sourceTree = "<group>"; };
		85F5F71A230E548E00693594 /* RemindersViewController.swift */ = {isa = PBXFileReference; lastKnownFileType = sourcecode.swift; path = RemindersViewController.swift; sourceTree = "<group>"; };
		85F5F7562310808C00693594 /* MainTabBarViewController.swift */ = {isa = PBXFileReference; lastKnownFileType = sourcecode.swift; path = MainTabBarViewController.swift; sourceTree = "<group>"; };
		85F5F76323109E9F00693594 /* Nunito-Regular.ttf */ = {isa = PBXFileReference; lastKnownFileType = file; path = "Nunito-Regular.ttf"; sourceTree = "<group>"; };
		85F5F76423109E9F00693594 /* Nunito-ExtraLight.ttf */ = {isa = PBXFileReference; lastKnownFileType = file; path = "Nunito-ExtraLight.ttf"; sourceTree = "<group>"; };
		85F5F76523109E9F00693594 /* Nunito-SemiBold.ttf */ = {isa = PBXFileReference; lastKnownFileType = file; path = "Nunito-SemiBold.ttf"; sourceTree = "<group>"; };
		85F5F76623109E9F00693594 /* Nunito-Bold.ttf */ = {isa = PBXFileReference; lastKnownFileType = file; path = "Nunito-Bold.ttf"; sourceTree = "<group>"; };
		85F5F76723109E9F00693594 /* Nunito-Black.ttf */ = {isa = PBXFileReference; lastKnownFileType = file; path = "Nunito-Black.ttf"; sourceTree = "<group>"; };
		85F5F76823109E9F00693594 /* Nunito-ExtraBold.ttf */ = {isa = PBXFileReference; lastKnownFileType = file; path = "Nunito-ExtraBold.ttf"; sourceTree = "<group>"; };
		85F5F76923109E9F00693594 /* Nunito-Light.ttf */ = {isa = PBXFileReference; lastKnownFileType = file; path = "Nunito-Light.ttf"; sourceTree = "<group>"; };
		85F5F76A23109E9F00693594 /* Nunito-Medium.ttf */ = {isa = PBXFileReference; lastKnownFileType = file; path = "Nunito-Medium.ttf"; sourceTree = "<group>"; };
		85F5F76B23109E9F00693594 /* SIL Open Font License.txt */ = {isa = PBXFileReference; fileEncoding = 4; lastKnownFileType = text; path = "SIL Open Font License.txt"; sourceTree = "<group>"; };
		8EE7231185A5D4DC2C815043 /* Pods-Get-HIITTests.debug.xcconfig */ = {isa = PBXFileReference; includeInIndex = 1; lastKnownFileType = text.xcconfig; name = "Pods-Get-HIITTests.debug.xcconfig"; path = "Target Support Files/Pods-Get-HIITTests/Pods-Get-HIITTests.debug.xcconfig"; sourceTree = "<group>"; };
		8FECDE3AEE575E37E4339330 /* Pods_Get_HIITUITests.framework */ = {isa = PBXFileReference; explicitFileType = wrapper.framework; includeInIndex = 0; path = Pods_Get_HIITUITests.framework; sourceTree = BUILT_PRODUCTS_DIR; };
		9AE9562EB7F723C76F3C7709 /* Pods_Get_HIIT.framework */ = {isa = PBXFileReference; explicitFileType = wrapper.framework; includeInIndex = 0; path = Pods_Get_HIIT.framework; sourceTree = BUILT_PRODUCTS_DIR; };
		D3D0D3A7ABB9D4FF7DD75022 /* Pods-Get-HIITTests.release.xcconfig */ = {isa = PBXFileReference; includeInIndex = 1; lastKnownFileType = text.xcconfig; name = "Pods-Get-HIITTests.release.xcconfig"; path = "Target Support Files/Pods-Get-HIITTests/Pods-Get-HIITTests.release.xcconfig"; sourceTree = "<group>"; };
		E6B862F395FE5B029E8D63EC /* Pods-Get-HIITUITests.debug.xcconfig */ = {isa = PBXFileReference; includeInIndex = 1; lastKnownFileType = text.xcconfig; name = "Pods-Get-HIITUITests.debug.xcconfig"; path = "Target Support Files/Pods-Get-HIITUITests/Pods-Get-HIITUITests.debug.xcconfig"; sourceTree = "<group>"; };
		F3E7070D86DC35EEEF0E82B3 /* Pods-Get-HIITUITests.release.xcconfig */ = {isa = PBXFileReference; includeInIndex = 1; lastKnownFileType = text.xcconfig; name = "Pods-Get-HIITUITests.release.xcconfig"; path = "Target Support Files/Pods-Get-HIITUITests/Pods-Get-HIITUITests.release.xcconfig"; sourceTree = "<group>"; };
/* End PBXFileReference section */

/* Begin PBXFrameworksBuildPhase section */
		85DBA92B23049C1D006990A1 /* Frameworks */ = {
			isa = PBXFrameworksBuildPhase;
			buildActionMask = 2147483647;
			files = (
				85F5F717230DBE1000693594 /* HealthKit.framework in Frameworks */,
				B66D8E823902E014DAD84D00 /* Pods_Get_HIIT.framework in Frameworks */,
			);
			runOnlyForDeploymentPostprocessing = 0;
		};
		85DBA93F23049C1E006990A1 /* Frameworks */ = {
			isa = PBXFrameworksBuildPhase;
			buildActionMask = 2147483647;
			files = (
				DAF270A9612F4993383774C3 /* Pods_Get_HIITTests.framework in Frameworks */,
			);
			runOnlyForDeploymentPostprocessing = 0;
		};
		85DBA94A23049C1E006990A1 /* Frameworks */ = {
			isa = PBXFrameworksBuildPhase;
			buildActionMask = 2147483647;
			files = (
				4CF1471945C577D89242A38C /* Pods_Get_HIITUITests.framework in Frameworks */,
			);
			runOnlyForDeploymentPostprocessing = 0;
		};
/* End PBXFrameworksBuildPhase section */

/* Begin PBXGroup section */
		162B50C3231851B500681627 /* My Plan View Controllers */ = {
			isa = PBXGroup;
			children = (
				1696861423186F0200C41F48 /* SelectWorkoutViewController.swift */,
				162B50C1231851B200681627 /* DescriptionViewController.swift */,
				1696861C23186FC900C41F48 /* PastWorkoutsViewController.swift */,
				1696861E23186FD300C41F48 /* UpcomingWorkoutsViewController.swift */,
				85013DCA2318E7E100A36EC7 /* CreateNewWorkoutViewController.swift */,
			);
			path = "My Plan View Controllers";
			sourceTree = "<group>";
		};
		1696861323186EC800C41F48 /* My Plan Cells */ = {
			isa = PBXGroup;
			children = (
				1696860D23186AA200C41F48 /* CreateWorkoutTableViewCell.swift */,
				1696861623186F2400C41F48 /* SelectWorkoutTableViewCell.swift */,
				1696861823186F7200C41F48 /* PastWorkoutsTableViewCell.swift */,
				1696861A23186F8000C41F48 /* UpcomingWorkoutsTableViewCell.swift */,
			);
			path = "My Plan Cells";
			sourceTree = "<group>";
		};
		51004EFFFC177879D16FECF6 /* Pods */ = {
			isa = PBXGroup;
			children = (
				25FFF6610E22626BFCCC89E9 /* Pods-Get-HIIT.debug.xcconfig */,
				3EB631764EB12882A9CABC16 /* Pods-Get-HIIT.release.xcconfig */,
				8EE7231185A5D4DC2C815043 /* Pods-Get-HIITTests.debug.xcconfig */,
				D3D0D3A7ABB9D4FF7DD75022 /* Pods-Get-HIITTests.release.xcconfig */,
				E6B862F395FE5B029E8D63EC /* Pods-Get-HIITUITests.debug.xcconfig */,
				F3E7070D86DC35EEEF0E82B3 /* Pods-Get-HIITUITests.release.xcconfig */,
			);
			path = Pods;
			sourceTree = "<group>";
		};
		85137A72230B015500CAB428 /* Dashboard */ = {
			isa = PBXGroup;
			children = (
				85137A76230B01A800CAB428 /* Dashboard.storyboard */,
			);
			path = Dashboard;
			sourceTree = "<group>";
		};
		85137A73230B016300CAB428 /* MyPlan */ = {
			isa = PBXGroup;
			children = (
				85137A78230B01C500CAB428 /* MyPlan.storyboard */,
			);
			path = MyPlan;
			sourceTree = "<group>";
		};
		85137A74230B016E00CAB428 /* Workout */ = {
			isa = PBXGroup;
			children = (
				85137A7B230B01E400CAB428 /* Workout.storyboard */,
			);
			path = Workout;
			sourceTree = "<group>";
		};
		85137A75230B017C00CAB428 /* Profile */ = {
			isa = PBXGroup;
			children = (
				85137A7D230B020500CAB428 /* Profile.storyboard */,
			);
			path = Profile;
			sourceTree = "<group>";
		};
		85137A80230B02D300CAB428 /* ModelControllers */ = {
			isa = PBXGroup;
			children = (
				85F5F718230DBE5600693594 /* HealthKitController.swift */,
				85BED4042315A15100011F9A /* ExerciseController.swift */,
				85F5F712230CAA3F00693594 /* ProfileController.swift */,
				85BED41023173EDF00011F9A /* WorkoutsController.swift */,
				1696861123186C5000C41F48 /* CreateWorkoutViewController.swift */,
			);
			path = ModelControllers;
			sourceTree = "<group>";
		};
		85137A81230B02DE00CAB428 /* Helpers+Extensions */ = {
			isa = PBXGroup;
			children = (
				85137A88230B14DA00CAB428 /* ColorExtension.swift */,
				85F5F708230C84FA00693594 /* PasteDisabledTextField.swift */,
				85013DC32318CFD400A36EC7 /* SetGradient.swift */,
				16284C2C231977BD00135BAB /* GifHelper.swift */,
			);
			path = "Helpers+Extensions";
			sourceTree = "<group>";
		};
		85137A82230B02E600CAB428 /* Views */ = {
			isa = PBXGroup;
			children = (
				85BED3FF2315970000011F9A /* Workouts */,
				1696861323186EC800C41F48 /* My Plan Cells */,
			);
			path = Views;
			sourceTree = "<group>";
		};
		85137A83230B030100CAB428 /* Main+LaunchScreen */ = {
			isa = PBXGroup;
			children = (
				85DBA93A23049C1E006990A1 /* LaunchScreen.storyboard */,
				85DBA93523049C1D006990A1 /* Main.storyboard */,
			);
			path = "Main+LaunchScreen";
			sourceTree = "<group>";
		};
		85137A84230B078600CAB428 /* Recovered References */ = {
			isa = PBXGroup;
			children = (
				85F5F706230C682F00693594 /* Profile.swift */,
			);
			name = "Recovered References";
			sourceTree = "<group>";
		};
		85137A8C230B373700CAB428 /* ProfileViewControllers */ = {
			isa = PBXGroup;
			children = (
				85137A8D230B374D00CAB428 /* ProfileViewController.swift */,
				85F5F704230C549900693594 /* AboutMeViewController.swift */,
				85F5F71A230E548E00693594 /* RemindersViewController.swift */,
				85C4F47B231D877400E3C372 /* MyPlanViewController.swift */,
			);
			path = ProfileViewControllers;
			sourceTree = "<group>";
		};
		85BED3FF2315970000011F9A /* Workouts */ = {
			isa = PBXGroup;
			children = (
				85BED4002315980300011F9A /* WorkoutTableViewCell.swift */,
				85BED40A2315ADDF00011F9A /* WorkoutListTableViewCell.swift */,
				85590BB12317C07C00DD278E /* WorkoutEditTableViewCell.swift */,
			);
			path = Workouts;
			sourceTree = "<group>";
		};
		85DBA92523049C1D006990A1 = {
			isa = PBXGroup;
			children = (
				85DBA93023049C1D006990A1 /* Get-HIIT */,
				85DBA94523049C1E006990A1 /* Get-HIITTests */,
				85DBA95023049C1E006990A1 /* Get-HIITUITests */,
				85DBA92F23049C1D006990A1 /* Products */,
				85137A84230B078600CAB428 /* Recovered References */,
				85F5F715230DBE1000693594 /* Frameworks */,
				51004EFFFC177879D16FECF6 /* Pods */,
			);
			sourceTree = "<group>";
		};
		85DBA92F23049C1D006990A1 /* Products */ = {
			isa = PBXGroup;
			children = (
				85DBA92E23049C1D006990A1 /* Get-HIIT.app */,
				85DBA94223049C1E006990A1 /* Get-HIITTests.xctest */,
				85DBA94D23049C1E006990A1 /* Get-HIITUITests.xctest */,
			);
			name = Products;
			sourceTree = "<group>";
		};
		85DBA93023049C1D006990A1 /* Get-HIIT */ = {
			isa = PBXGroup;
			children = (
				85F5F714230DBE1000693594 /* Get-HIIT.entitlements */,
				85DBA96723049DD1006990A1 /* Models */,
				85137A82230B02E600CAB428 /* Views */,
				85DBA96223049DA1006990A1 /* Controllers */,
				85DBA97323061F22006990A1 /* SkeletonStoryboard */,
				85DBA96023049D8F006990A1 /* Storyboards */,
				85DBA95F23049D83006990A1 /* Resources */,
			);
			path = "Get-HIIT";
			sourceTree = "<group>";
		};
		85DBA94523049C1E006990A1 /* Get-HIITTests */ = {
			isa = PBXGroup;
			children = (
				85DBA94623049C1E006990A1 /* Get_HIITTests.swift */,
				85DBA94823049C1E006990A1 /* Info.plist */,
			);
			path = "Get-HIITTests";
			sourceTree = "<group>";
		};
		85DBA95023049C1E006990A1 /* Get-HIITUITests */ = {
			isa = PBXGroup;
			children = (
				85DBA95123049C1E006990A1 /* Get_HIITUITests.swift */,
				85DBA95323049C1E006990A1 /* Info.plist */,
			);
			path = "Get-HIITUITests";
			sourceTree = "<group>";
		};
		85DBA95F23049D83006990A1 /* Resources */ = {
			isa = PBXGroup;
			children = (
				85F5F76223109E8000693594 /* Font */,
				85DBA93123049C1D006990A1 /* AppDelegate.swift */,
				16284C3123197CC800135BAB /* NotificationPayload.apns */,
				169E01F5230FA24100A7BC79 /* nunito */,
				85DBA93823049C1E006990A1 /* Assets.xcassets */,
				85137A86230B113C00CAB428 /* ColorAssets.xcassets */,
				16284C2F231978A100135BAB /* GifAssets.xcassets */,
				85DBA93D23049C1E006990A1 /* Info.plist */,
			);
			path = Resources;
			sourceTree = "<group>";
		};
		85DBA96023049D8F006990A1 /* Storyboards */ = {
			isa = PBXGroup;
			children = (
				85137A72230B015500CAB428 /* Dashboard */,
				85137A74230B016E00CAB428 /* Workout */,
				85137A73230B016300CAB428 /* MyPlan */,
				85137A75230B017C00CAB428 /* Profile */,
				85137A83230B030100CAB428 /* Main+LaunchScreen */,
			);
			path = Storyboards;
			sourceTree = "<group>";
		};
		85DBA96123049D98006990A1 /* ViewControllers */ = {
			isa = PBXGroup;
			children = (
				85F5F7562310808C00693594 /* MainTabBarViewController.swift */,
				16284C2A2318DD4E00135BAB /* DashboardViewController.swift */,
				85F5F777231451ED00693594 /* WorkoutViewControllers */,
				85137A8C230B373700CAB428 /* ProfileViewControllers */,
				162B50C3231851B500681627 /* My Plan View Controllers */,
				85DBA97023061E70006990A1 /* Skeleton */,
			);
			path = ViewControllers;
			sourceTree = "<group>";
		};
		85DBA96223049DA1006990A1 /* Controllers */ = {
			isa = PBXGroup;
			children = (
				85137A81230B02DE00CAB428 /* Helpers+Extensions */,
				85137A80230B02D300CAB428 /* ModelControllers */,
				85DBA96123049D98006990A1 /* ViewControllers */,
			);
			path = Controllers;
			sourceTree = "<group>";
		};
		85DBA96723049DD1006990A1 /* Models */ = {
			isa = PBXGroup;
			children = (
				85F5F70A230C8DBA00693594 /* Profile.swift */,
				16E42B23230DBE17002A6251 /* CountdownTimer.swift */,
				85BED4022315A0EA00011F9A /* Workout.swift */,
				85BED40C23173D8800011F9A /* Workouts.swift */,
			);
			path = Models;
			sourceTree = "<group>";
		};
		85DBA97023061E70006990A1 /* Skeleton */ = {
			isa = PBXGroup;
			children = (
				85DBA97123061EFD006990A1 /* SkeletonMainTabBarViewController.swift */,
				85DBA97823076C91006990A1 /* SkeletonMyPlanViewController.swift */,
				85DBA97A2309BE6E006990A1 /* SkeletonCreateNewWorkoutViewController.swift */,
				85DBA97423071E11006990A1 /* SkeletonWorkoutInProgressViewController.swift */,
				85DBA97623073972006990A1 /* SkeletonPostWorkoutViewController.swift */,
				8596FA06230A5229008CC790 /* SkeletonProfileViewController.swift */,
			);
			path = Skeleton;
			sourceTree = "<group>";
		};
		85DBA97323061F22006990A1 /* SkeletonStoryboard */ = {
			isa = PBXGroup;
			children = (
				85DBA96A2304A3BB006990A1 /* AppSkeleton.storyboard */,
			);
			path = SkeletonStoryboard;
			sourceTree = "<group>";
		};
		85F5F715230DBE1000693594 /* Frameworks */ = {
			isa = PBXGroup;
			children = (
				85F5F716230DBE1000693594 /* HealthKit.framework */,
				9AE9562EB7F723C76F3C7709 /* Pods_Get_HIIT.framework */,
				8202494FFD63DD4962657554 /* Pods_Get_HIITTests.framework */,
				8FECDE3AEE575E37E4339330 /* Pods_Get_HIITUITests.framework */,
			);
			name = Frameworks;
			sourceTree = "<group>";
		};
		85F5F76223109E8000693594 /* Font */ = {
			isa = PBXGroup;
			children = (
				85F5F76723109E9F00693594 /* Nunito-Black.ttf */,
				85F5F76623109E9F00693594 /* Nunito-Bold.ttf */,
				85F5F76823109E9F00693594 /* Nunito-ExtraBold.ttf */,
				85F5F76423109E9F00693594 /* Nunito-ExtraLight.ttf */,
				85F5F76923109E9F00693594 /* Nunito-Light.ttf */,
				85F5F76A23109E9F00693594 /* Nunito-Medium.ttf */,
				85F5F76323109E9F00693594 /* Nunito-Regular.ttf */,
				85F5F76523109E9F00693594 /* Nunito-SemiBold.ttf */,
				85F5F76B23109E9F00693594 /* SIL Open Font License.txt */,
			);
			path = Font;
			sourceTree = "<group>";
		};
		85F5F777231451ED00693594 /* WorkoutViewControllers */ = {
			isa = PBXGroup;
			children = (
				85BED3FD2315959B00011F9A /* WorkoutMainViewController.swift */,
				1619ED0C230C840200DFACEC /* WorkoutTimerViewController.swift */,
				85BED4142317B5FF00011F9A /* WorkoutEditViewController.swift */,
				85C4F479231D451B00E3C372 /* WorkoutCompleteViewController.swift */,
				8581825C231B0A4A00D7772A /* ChooseWorkoutViewController.swift */,
			);
			path = WorkoutViewControllers;
			sourceTree = "<group>";
		};
/* End PBXGroup section */

/* Begin PBXNativeTarget section */
		85DBA92D23049C1D006990A1 /* Get-HIIT */ = {
			isa = PBXNativeTarget;
			buildConfigurationList = 85DBA95623049C1E006990A1 /* Build configuration list for PBXNativeTarget "Get-HIIT" */;
			buildPhases = (
				14C33CB1CEEE661AA8100BE3 /* [CP] Check Pods Manifest.lock */,
				85DBA92A23049C1D006990A1 /* Sources */,
				85DBA92B23049C1D006990A1 /* Frameworks */,
				85DBA92C23049C1D006990A1 /* Resources */,
				5B1E5FFAFA89DF83E4A3B0EB /* [CP] Embed Pods Frameworks */,
			);
			buildRules = (
			);
			dependencies = (
			);
			name = "Get-HIIT";
			productName = "Get-HIIT";
			productReference = 85DBA92E23049C1D006990A1 /* Get-HIIT.app */;
			productType = "com.apple.product-type.application";
		};
		85DBA94123049C1E006990A1 /* Get-HIITTests */ = {
			isa = PBXNativeTarget;
			buildConfigurationList = 85DBA95923049C1E006990A1 /* Build configuration list for PBXNativeTarget "Get-HIITTests" */;
			buildPhases = (
				A4A2C0A0A4DD3544CF39AE06 /* [CP] Check Pods Manifest.lock */,
				85DBA93E23049C1E006990A1 /* Sources */,
				85DBA93F23049C1E006990A1 /* Frameworks */,
				85DBA94023049C1E006990A1 /* Resources */,
			);
			buildRules = (
			);
			dependencies = (
				85DBA94423049C1E006990A1 /* PBXTargetDependency */,
			);
			name = "Get-HIITTests";
			productName = "Get-HIITTests";
			productReference = 85DBA94223049C1E006990A1 /* Get-HIITTests.xctest */;
			productType = "com.apple.product-type.bundle.unit-test";
		};
		85DBA94C23049C1E006990A1 /* Get-HIITUITests */ = {
			isa = PBXNativeTarget;
			buildConfigurationList = 85DBA95C23049C1E006990A1 /* Build configuration list for PBXNativeTarget "Get-HIITUITests" */;
			buildPhases = (
				A6E7D58BBDB1EB433BFDF454 /* [CP] Check Pods Manifest.lock */,
				85DBA94923049C1E006990A1 /* Sources */,
				85DBA94A23049C1E006990A1 /* Frameworks */,
				85DBA94B23049C1E006990A1 /* Resources */,
			);
			buildRules = (
			);
			dependencies = (
				85DBA94F23049C1E006990A1 /* PBXTargetDependency */,
			);
			name = "Get-HIITUITests";
			productName = "Get-HIITUITests";
			productReference = 85DBA94D23049C1E006990A1 /* Get-HIITUITests.xctest */;
			productType = "com.apple.product-type.bundle.ui-testing";
		};
/* End PBXNativeTarget section */

/* Begin PBXProject section */
		85DBA92623049C1D006990A1 /* Project object */ = {
			isa = PBXProject;
			attributes = {
				LastSwiftUpdateCheck = 1030;
				LastUpgradeCheck = 1030;
				ORGANIZATIONNAME = "Timothy Rosenvall";
				TargetAttributes = {
					85DBA92D23049C1D006990A1 = {
						CreatedOnToolsVersion = 10.3;
						SystemCapabilities = {
							com.apple.HealthKit = {
								enabled = 1;
							};
							com.apple.Push = {
								enabled = 1;
							};
						};
					};
					85DBA94123049C1E006990A1 = {
						CreatedOnToolsVersion = 10.3;
						TestTargetID = 85DBA92D23049C1D006990A1;
					};
					85DBA94C23049C1E006990A1 = {
						CreatedOnToolsVersion = 10.3;
						TestTargetID = 85DBA92D23049C1D006990A1;
					};
				};
			};
			buildConfigurationList = 85DBA92923049C1D006990A1 /* Build configuration list for PBXProject "Get-HIIT" */;
			compatibilityVersion = "Xcode 9.3";
			developmentRegion = en;
			hasScannedForEncodings = 0;
			knownRegions = (
				en,
				Base,
			);
			mainGroup = 85DBA92523049C1D006990A1;
			productRefGroup = 85DBA92F23049C1D006990A1 /* Products */;
			projectDirPath = "";
			projectRoot = "";
			targets = (
				85DBA92D23049C1D006990A1 /* Get-HIIT */,
				85DBA94123049C1E006990A1 /* Get-HIITTests */,
				85DBA94C23049C1E006990A1 /* Get-HIITUITests */,
			);
		};
/* End PBXProject section */

/* Begin PBXResourcesBuildPhase section */
		85DBA92C23049C1D006990A1 /* Resources */ = {
			isa = PBXResourcesBuildPhase;
			buildActionMask = 2147483647;
			files = (
				85F5F76F23109E9F00693594 /* Nunito-Bold.ttf in Resources */,
				85F5F76E23109E9F00693594 /* Nunito-SemiBold.ttf in Resources */,
				85F5F76C23109E9F00693594 /* Nunito-Regular.ttf in Resources */,
				85137A7C230B01E400CAB428 /* Workout.storyboard in Resources */,
				85DBA93C23049C1E006990A1 /* LaunchScreen.storyboard in Resources */,
				85F5F76D23109E9F00693594 /* Nunito-ExtraLight.ttf in Resources */,
				85137A7F230B020500CAB428 /* Profile.storyboard in Resources */,
				85137A77230B01A800CAB428 /* Dashboard.storyboard in Resources */,
				85F5F77323109E9F00693594 /* Nunito-Medium.ttf in Resources */,
				85137A87230B113C00CAB428 /* ColorAssets.xcassets in Resources */,
				16284C30231978A100135BAB /* GifAssets.xcassets in Resources */,
				169E01F6230FA24100A7BC79 /* nunito in Resources */,
				85DBA93923049C1E006990A1 /* Assets.xcassets in Resources */,
				85F5F77023109E9F00693594 /* Nunito-Black.ttf in Resources */,
				85137A7A230B01C500CAB428 /* MyPlan.storyboard in Resources */,
				85DBA93723049C1D006990A1 /* Main.storyboard in Resources */,
				85DBA96B2304A3BB006990A1 /* AppSkeleton.storyboard in Resources */,
				85F5F77223109E9F00693594 /* Nunito-Light.ttf in Resources */,
				85F5F77123109E9F00693594 /* Nunito-ExtraBold.ttf in Resources */,
				85F5F77423109E9F00693594 /* SIL Open Font License.txt in Resources */,
			);
			runOnlyForDeploymentPostprocessing = 0;
		};
		85DBA94023049C1E006990A1 /* Resources */ = {
			isa = PBXResourcesBuildPhase;
			buildActionMask = 2147483647;
			files = (
			);
			runOnlyForDeploymentPostprocessing = 0;
		};
		85DBA94B23049C1E006990A1 /* Resources */ = {
			isa = PBXResourcesBuildPhase;
			buildActionMask = 2147483647;
			files = (
			);
			runOnlyForDeploymentPostprocessing = 0;
		};
/* End PBXResourcesBuildPhase section */

/* Begin PBXShellScriptBuildPhase section */
		14C33CB1CEEE661AA8100BE3 /* [CP] Check Pods Manifest.lock */ = {
			isa = PBXShellScriptBuildPhase;
			buildActionMask = 2147483647;
			files = (
			);
			inputFileListPaths = (
			);
			inputPaths = (
				"${PODS_PODFILE_DIR_PATH}/Podfile.lock",
				"${PODS_ROOT}/Manifest.lock",
			);
			name = "[CP] Check Pods Manifest.lock";
			outputFileListPaths = (
			);
			outputPaths = (
				"$(DERIVED_FILE_DIR)/Pods-Get-HIIT-checkManifestLockResult.txt",
			);
			runOnlyForDeploymentPostprocessing = 0;
			shellPath = /bin/sh;
			shellScript = "diff \"${PODS_PODFILE_DIR_PATH}/Podfile.lock\" \"${PODS_ROOT}/Manifest.lock\" > /dev/null\nif [ $? != 0 ] ; then\n    # print error to STDERR\n    echo \"error: The sandbox is not in sync with the Podfile.lock. Run 'pod install' or update your CocoaPods installation.\" >&2\n    exit 1\nfi\n# This output is used by Xcode 'outputs' to avoid re-running this script phase.\necho \"SUCCESS\" > \"${SCRIPT_OUTPUT_FILE_0}\"\n";
			showEnvVarsInLog = 0;
		};
		5B1E5FFAFA89DF83E4A3B0EB /* [CP] Embed Pods Frameworks */ = {
			isa = PBXShellScriptBuildPhase;
			buildActionMask = 2147483647;
			files = (
			);
			inputFileListPaths = (
				"${PODS_ROOT}/Target Support Files/Pods-Get-HIIT/Pods-Get-HIIT-frameworks-${CONFIGURATION}-input-files.xcfilelist",
			);
			name = "[CP] Embed Pods Frameworks";
			outputFileListPaths = (
				"${PODS_ROOT}/Target Support Files/Pods-Get-HIIT/Pods-Get-HIIT-frameworks-${CONFIGURATION}-output-files.xcfilelist",
			);
			runOnlyForDeploymentPostprocessing = 0;
			shellPath = /bin/sh;
			shellScript = "\"${PODS_ROOT}/Target Support Files/Pods-Get-HIIT/Pods-Get-HIIT-frameworks.sh\"\n";
			showEnvVarsInLog = 0;
		};
		A4A2C0A0A4DD3544CF39AE06 /* [CP] Check Pods Manifest.lock */ = {
			isa = PBXShellScriptBuildPhase;
			buildActionMask = 2147483647;
			files = (
			);
			inputFileListPaths = (
			);
			inputPaths = (
				"${PODS_PODFILE_DIR_PATH}/Podfile.lock",
				"${PODS_ROOT}/Manifest.lock",
			);
			name = "[CP] Check Pods Manifest.lock";
			outputFileListPaths = (
			);
			outputPaths = (
				"$(DERIVED_FILE_DIR)/Pods-Get-HIITTests-checkManifestLockResult.txt",
			);
			runOnlyForDeploymentPostprocessing = 0;
			shellPath = /bin/sh;
			shellScript = "diff \"${PODS_PODFILE_DIR_PATH}/Podfile.lock\" \"${PODS_ROOT}/Manifest.lock\" > /dev/null\nif [ $? != 0 ] ; then\n    # print error to STDERR\n    echo \"error: The sandbox is not in sync with the Podfile.lock. Run 'pod install' or update your CocoaPods installation.\" >&2\n    exit 1\nfi\n# This output is used by Xcode 'outputs' to avoid re-running this script phase.\necho \"SUCCESS\" > \"${SCRIPT_OUTPUT_FILE_0}\"\n";
			showEnvVarsInLog = 0;
		};
		A6E7D58BBDB1EB433BFDF454 /* [CP] Check Pods Manifest.lock */ = {
			isa = PBXShellScriptBuildPhase;
			buildActionMask = 2147483647;
			files = (
			);
			inputFileListPaths = (
			);
			inputPaths = (
				"${PODS_PODFILE_DIR_PATH}/Podfile.lock",
				"${PODS_ROOT}/Manifest.lock",
			);
			name = "[CP] Check Pods Manifest.lock";
			outputFileListPaths = (
			);
			outputPaths = (
				"$(DERIVED_FILE_DIR)/Pods-Get-HIITUITests-checkManifestLockResult.txt",
			);
			runOnlyForDeploymentPostprocessing = 0;
			shellPath = /bin/sh;
			shellScript = "diff \"${PODS_PODFILE_DIR_PATH}/Podfile.lock\" \"${PODS_ROOT}/Manifest.lock\" > /dev/null\nif [ $? != 0 ] ; then\n    # print error to STDERR\n    echo \"error: The sandbox is not in sync with the Podfile.lock. Run 'pod install' or update your CocoaPods installation.\" >&2\n    exit 1\nfi\n# This output is used by Xcode 'outputs' to avoid re-running this script phase.\necho \"SUCCESS\" > \"${SCRIPT_OUTPUT_FILE_0}\"\n";
			showEnvVarsInLog = 0;
		};
/* End PBXShellScriptBuildPhase section */

/* Begin PBXSourcesBuildPhase section */
		85DBA92A23049C1D006990A1 /* Sources */ = {
			isa = PBXSourcesBuildPhase;
			buildActionMask = 2147483647;
			files = (
				162B50C2231851B200681627 /* DescriptionViewController.swift in Sources */,
				1696861B23186F8000C41F48 /* UpcomingWorkoutsTableViewCell.swift in Sources */,
				85F5F70C230C8E1D00693594 /* PasteDisabledTextField.swift in Sources */,
				1696861523186F0200C41F48 /* SelectWorkoutViewController.swift in Sources */,
				85DBA97723073972006990A1 /* SkeletonPostWorkoutViewController.swift in Sources */,
				85DBA97523071E11006990A1 /* SkeletonWorkoutInProgressViewController.swift in Sources */,
				85F5F70B230C8DBA00693594 /* Profile.swift in Sources */,
				85F5F7572310808C00693594 /* MainTabBarViewController.swift in Sources */,
				8581825D231B0A4A00D7772A /* ChooseWorkoutViewController.swift in Sources */,
				85DBA97223061EFD006990A1 /* SkeletonMainTabBarViewController.swift in Sources */,
				16E42B24230DBE17002A6251 /* CountdownTimer.swift in Sources */,
				85F5F713230CAA3F00693594 /* ProfileController.swift in Sources */,
				85137A8E230B374D00CAB428 /* ProfileViewController.swift in Sources */,
				1696861D23186FC900C41F48 /* PastWorkoutsViewController.swift in Sources */,
				85BED4052315A15100011F9A /* ExerciseController.swift in Sources */,
				85DBA93223049C1D006990A1 /* AppDelegate.swift in Sources */,
				8596FA07230A5229008CC790 /* SkeletonProfileViewController.swift in Sources */,
				85590BB22317C07C00DD278E /* WorkoutEditTableViewCell.swift in Sources */,
				1696861723186F2400C41F48 /* SelectWorkoutTableViewCell.swift in Sources */,
				85F5F719230DBE5600693594 /* HealthKitController.swift in Sources */,
				16284C2B2318DD4E00135BAB /* DashboardViewController.swift in Sources */,
				85BED41123173EDF00011F9A /* WorkoutsController.swift in Sources */,
				1696861223186C5000C41F48 /* CreateWorkoutViewController.swift in Sources */,
				85013DCB2318E7E100A36EC7 /* CreateNewWorkoutViewController.swift in Sources */,
				85BED40D23173D8800011F9A /* Workouts.swift in Sources */,
				85DBA97923076C91006990A1 /* SkeletonMyPlanViewController.swift in Sources */,
				85BED4152317B5FF00011F9A /* WorkoutEditViewController.swift in Sources */,
				1696860E23186AA200C41F48 /* CreateWorkoutTableViewCell.swift in Sources */,
				85013DC42318CFD400A36EC7 /* SetGradient.swift in Sources */,
				85137A89230B14DA00CAB428 /* ColorExtension.swift in Sources */,
				16284C2D231977BD00135BAB /* GifHelper.swift in Sources */,
				85BED4012315980300011F9A /* WorkoutTableViewCell.swift in Sources */,
				85C4F47C231D877400E3C372 /* MyPlanViewController.swift in Sources */,
				85BED3FE2315959B00011F9A /* WorkoutMainViewController.swift in Sources */,
				1696861923186F7200C41F48 /* PastWorkoutsTableViewCell.swift in Sources */,
				85BED4032315A0EA00011F9A /* Workout.swift in Sources */,
				85F5F71B230E548E00693594 /* RemindersViewController.swift in Sources */,
				85F5F70D230C8E9700693594 /* WorkoutTimerViewController.swift in Sources */,
				85C4F47A231D451B00E3C372 /* WorkoutCompleteViewController.swift in Sources */,
				85F5F705230C549900693594 /* AboutMeViewController.swift in Sources */,
				85DBA97B2309BE6E006990A1 /* SkeletonCreateNewWorkoutViewController.swift in Sources */,
				85BED40B2315ADDF00011F9A /* WorkoutListTableViewCell.swift in Sources */,
				1696861F23186FD300C41F48 /* UpcomingWorkoutsViewController.swift in Sources */,
			);
			runOnlyForDeploymentPostprocessing = 0;
		};
		85DBA93E23049C1E006990A1 /* Sources */ = {
			isa = PBXSourcesBuildPhase;
			buildActionMask = 2147483647;
			files = (
				85DBA94723049C1E006990A1 /* Get_HIITTests.swift in Sources */,
			);
			runOnlyForDeploymentPostprocessing = 0;
		};
		85DBA94923049C1E006990A1 /* Sources */ = {
			isa = PBXSourcesBuildPhase;
			buildActionMask = 2147483647;
			files = (
				85DBA95223049C1E006990A1 /* Get_HIITUITests.swift in Sources */,
			);
			runOnlyForDeploymentPostprocessing = 0;
		};
/* End PBXSourcesBuildPhase section */

/* Begin PBXTargetDependency section */
		85DBA94423049C1E006990A1 /* PBXTargetDependency */ = {
			isa = PBXTargetDependency;
			target = 85DBA92D23049C1D006990A1 /* Get-HIIT */;
			targetProxy = 85DBA94323049C1E006990A1 /* PBXContainerItemProxy */;
		};
		85DBA94F23049C1E006990A1 /* PBXTargetDependency */ = {
			isa = PBXTargetDependency;
			target = 85DBA92D23049C1D006990A1 /* Get-HIIT */;
			targetProxy = 85DBA94E23049C1E006990A1 /* PBXContainerItemProxy */;
		};
/* End PBXTargetDependency section */

/* Begin PBXVariantGroup section */
		85137A78230B01C500CAB428 /* MyPlan.storyboard */ = {
			isa = PBXVariantGroup;
			children = (
				85137A79230B01C500CAB428 /* Base */,
			);
			name = MyPlan.storyboard;
			sourceTree = "<group>";
		};
		85137A7D230B020500CAB428 /* Profile.storyboard */ = {
			isa = PBXVariantGroup;
			children = (
				85137A7E230B020500CAB428 /* Base */,
			);
			name = Profile.storyboard;
			sourceTree = "<group>";
		};
		85DBA93523049C1D006990A1 /* Main.storyboard */ = {
			isa = PBXVariantGroup;
			children = (
				85DBA93623049C1D006990A1 /* Base */,
			);
			name = Main.storyboard;
			sourceTree = "<group>";
		};
		85DBA93A23049C1E006990A1 /* LaunchScreen.storyboard */ = {
			isa = PBXVariantGroup;
			children = (
				85DBA93B23049C1E006990A1 /* Base */,
			);
			name = LaunchScreen.storyboard;
			sourceTree = "<group>";
		};
/* End PBXVariantGroup section */

/* Begin XCBuildConfiguration section */
		85DBA95423049C1E006990A1 /* Debug */ = {
			isa = XCBuildConfiguration;
			buildSettings = {
				ALWAYS_SEARCH_USER_PATHS = NO;
				CLANG_ANALYZER_NONNULL = YES;
				CLANG_ANALYZER_NUMBER_OBJECT_CONVERSION = YES_AGGRESSIVE;
				CLANG_CXX_LANGUAGE_STANDARD = "gnu++14";
				CLANG_CXX_LIBRARY = "libc++";
				CLANG_ENABLE_MODULES = YES;
				CLANG_ENABLE_OBJC_ARC = YES;
				CLANG_ENABLE_OBJC_WEAK = YES;
				CLANG_WARN_BLOCK_CAPTURE_AUTORELEASING = YES;
				CLANG_WARN_BOOL_CONVERSION = YES;
				CLANG_WARN_COMMA = YES;
				CLANG_WARN_CONSTANT_CONVERSION = YES;
				CLANG_WARN_DEPRECATED_OBJC_IMPLEMENTATIONS = YES;
				CLANG_WARN_DIRECT_OBJC_ISA_USAGE = YES_ERROR;
				CLANG_WARN_DOCUMENTATION_COMMENTS = YES;
				CLANG_WARN_EMPTY_BODY = YES;
				CLANG_WARN_ENUM_CONVERSION = YES;
				CLANG_WARN_INFINITE_RECURSION = YES;
				CLANG_WARN_INT_CONVERSION = YES;
				CLANG_WARN_NON_LITERAL_NULL_CONVERSION = YES;
				CLANG_WARN_OBJC_IMPLICIT_RETAIN_SELF = YES;
				CLANG_WARN_OBJC_LITERAL_CONVERSION = YES;
				CLANG_WARN_OBJC_ROOT_CLASS = YES_ERROR;
				CLANG_WARN_RANGE_LOOP_ANALYSIS = YES;
				CLANG_WARN_STRICT_PROTOTYPES = YES;
				CLANG_WARN_SUSPICIOUS_MOVE = YES;
				CLANG_WARN_UNGUARDED_AVAILABILITY = YES_AGGRESSIVE;
				CLANG_WARN_UNREACHABLE_CODE = YES;
				CLANG_WARN__DUPLICATE_METHOD_MATCH = YES;
				CODE_SIGN_IDENTITY = "iPhone Developer";
				COPY_PHASE_STRIP = NO;
				DEBUG_INFORMATION_FORMAT = dwarf;
				ENABLE_STRICT_OBJC_MSGSEND = YES;
				ENABLE_TESTABILITY = YES;
				GCC_C_LANGUAGE_STANDARD = gnu11;
				GCC_DYNAMIC_NO_PIC = NO;
				GCC_NO_COMMON_BLOCKS = YES;
				GCC_OPTIMIZATION_LEVEL = 0;
				GCC_PREPROCESSOR_DEFINITIONS = (
					"DEBUG=1",
					"$(inherited)",
				);
				GCC_WARN_64_TO_32_BIT_CONVERSION = YES;
				GCC_WARN_ABOUT_RETURN_TYPE = YES_ERROR;
				GCC_WARN_UNDECLARED_SELECTOR = YES;
				GCC_WARN_UNINITIALIZED_AUTOS = YES_AGGRESSIVE;
				GCC_WARN_UNUSED_FUNCTION = YES;
				GCC_WARN_UNUSED_VARIABLE = YES;
				IPHONEOS_DEPLOYMENT_TARGET = 12.4;
				MTL_ENABLE_DEBUG_INFO = INCLUDE_SOURCE;
				MTL_FAST_MATH = YES;
				ONLY_ACTIVE_ARCH = YES;
				SDKROOT = iphoneos;
				SWIFT_ACTIVE_COMPILATION_CONDITIONS = DEBUG;
				SWIFT_OPTIMIZATION_LEVEL = "-Onone";
			};
			name = Debug;
		};
		85DBA95523049C1E006990A1 /* Release */ = {
			isa = XCBuildConfiguration;
			buildSettings = {
				ALWAYS_SEARCH_USER_PATHS = NO;
				CLANG_ANALYZER_NONNULL = YES;
				CLANG_ANALYZER_NUMBER_OBJECT_CONVERSION = YES_AGGRESSIVE;
				CLANG_CXX_LANGUAGE_STANDARD = "gnu++14";
				CLANG_CXX_LIBRARY = "libc++";
				CLANG_ENABLE_MODULES = YES;
				CLANG_ENABLE_OBJC_ARC = YES;
				CLANG_ENABLE_OBJC_WEAK = YES;
				CLANG_WARN_BLOCK_CAPTURE_AUTORELEASING = YES;
				CLANG_WARN_BOOL_CONVERSION = YES;
				CLANG_WARN_COMMA = YES;
				CLANG_WARN_CONSTANT_CONVERSION = YES;
				CLANG_WARN_DEPRECATED_OBJC_IMPLEMENTATIONS = YES;
				CLANG_WARN_DIRECT_OBJC_ISA_USAGE = YES_ERROR;
				CLANG_WARN_DOCUMENTATION_COMMENTS = YES;
				CLANG_WARN_EMPTY_BODY = YES;
				CLANG_WARN_ENUM_CONVERSION = YES;
				CLANG_WARN_INFINITE_RECURSION = YES;
				CLANG_WARN_INT_CONVERSION = YES;
				CLANG_WARN_NON_LITERAL_NULL_CONVERSION = YES;
				CLANG_WARN_OBJC_IMPLICIT_RETAIN_SELF = YES;
				CLANG_WARN_OBJC_LITERAL_CONVERSION = YES;
				CLANG_WARN_OBJC_ROOT_CLASS = YES_ERROR;
				CLANG_WARN_RANGE_LOOP_ANALYSIS = YES;
				CLANG_WARN_STRICT_PROTOTYPES = YES;
				CLANG_WARN_SUSPICIOUS_MOVE = YES;
				CLANG_WARN_UNGUARDED_AVAILABILITY = YES_AGGRESSIVE;
				CLANG_WARN_UNREACHABLE_CODE = YES;
				CLANG_WARN__DUPLICATE_METHOD_MATCH = YES;
				CODE_SIGN_IDENTITY = "iPhone Developer";
				COPY_PHASE_STRIP = NO;
				DEBUG_INFORMATION_FORMAT = "dwarf-with-dsym";
				ENABLE_NS_ASSERTIONS = NO;
				ENABLE_STRICT_OBJC_MSGSEND = YES;
				GCC_C_LANGUAGE_STANDARD = gnu11;
				GCC_NO_COMMON_BLOCKS = YES;
				GCC_WARN_64_TO_32_BIT_CONVERSION = YES;
				GCC_WARN_ABOUT_RETURN_TYPE = YES_ERROR;
				GCC_WARN_UNDECLARED_SELECTOR = YES;
				GCC_WARN_UNINITIALIZED_AUTOS = YES_AGGRESSIVE;
				GCC_WARN_UNUSED_FUNCTION = YES;
				GCC_WARN_UNUSED_VARIABLE = YES;
				IPHONEOS_DEPLOYMENT_TARGET = 12.4;
				MTL_ENABLE_DEBUG_INFO = NO;
				MTL_FAST_MATH = YES;
				SDKROOT = iphoneos;
				SWIFT_COMPILATION_MODE = wholemodule;
				SWIFT_OPTIMIZATION_LEVEL = "-O";
				VALIDATE_PRODUCT = YES;
			};
			name = Release;
		};
		85DBA95723049C1E006990A1 /* Debug */ = {
			isa = XCBuildConfiguration;
			baseConfigurationReference = 25FFF6610E22626BFCCC89E9 /* Pods-Get-HIIT.debug.xcconfig */;
			buildSettings = {
				ASSETCATALOG_COMPILER_APPICON_NAME = AppIcon;
				CODE_SIGN_ENTITLEMENTS = "Get-HIIT/Get-HIIT.entitlements";
				CODE_SIGN_STYLE = Automatic;
				DEVELOPMENT_TEAM = YY8J3FPYX8;
				INFOPLIST_FILE = "$(SRCROOT)/Get-HIIT/Resources/Info.plist";
				LD_RUNPATH_SEARCH_PATHS = (
					"$(inherited)",
					"@executable_path/Frameworks",
				);
				PRODUCT_BUNDLE_IDENTIFIER = "com.TAR.Get-HIIT";
				PRODUCT_NAME = "$(TARGET_NAME)";
				SWIFT_VERSION = 5.0;
				TARGETED_DEVICE_FAMILY = "1,2";
			};
			name = Debug;
		};
		85DBA95823049C1E006990A1 /* Release */ = {
			isa = XCBuildConfiguration;
			baseConfigurationReference = 3EB631764EB12882A9CABC16 /* Pods-Get-HIIT.release.xcconfig */;
			buildSettings = {
				ASSETCATALOG_COMPILER_APPICON_NAME = AppIcon;
				CODE_SIGN_ENTITLEMENTS = "Get-HIIT/Get-HIIT.entitlements";
				CODE_SIGN_STYLE = Automatic;
				DEVELOPMENT_TEAM = YY8J3FPYX8;
				INFOPLIST_FILE = "$(SRCROOT)/Get-HIIT/Resources/Info.plist";
				LD_RUNPATH_SEARCH_PATHS = (
					"$(inherited)",
					"@executable_path/Frameworks",
				);
				PRODUCT_BUNDLE_IDENTIFIER = "com.TAR.Get-HIIT";
				PRODUCT_NAME = "$(TARGET_NAME)";
				SWIFT_VERSION = 5.0;
				TARGETED_DEVICE_FAMILY = "1,2";
			};
			name = Release;
		};
		85DBA95A23049C1E006990A1 /* Debug */ = {
			isa = XCBuildConfiguration;
			baseConfigurationReference = 8EE7231185A5D4DC2C815043 /* Pods-Get-HIITTests.debug.xcconfig */;
			buildSettings = {
				ALWAYS_EMBED_SWIFT_STANDARD_LIBRARIES = YES;
				BUNDLE_LOADER = "$(TEST_HOST)";
				CODE_SIGN_STYLE = Automatic;
				DEVELOPMENT_TEAM = YY8J3FPYX8;
				INFOPLIST_FILE = "Get-HIITTests/Info.plist";
				LD_RUNPATH_SEARCH_PATHS = (
					"$(inherited)",
					"@executable_path/Frameworks",
					"@loader_path/Frameworks",
				);
				PRODUCT_BUNDLE_IDENTIFIER = "TAR.Get-HIITTests";
				PRODUCT_NAME = "$(TARGET_NAME)";
				SWIFT_VERSION = 5.0;
				TARGETED_DEVICE_FAMILY = "1,2";
				TEST_HOST = "$(BUILT_PRODUCTS_DIR)/Get-HIIT.app/Get-HIIT";
			};
			name = Debug;
		};
		85DBA95B23049C1E006990A1 /* Release */ = {
			isa = XCBuildConfiguration;
			baseConfigurationReference = D3D0D3A7ABB9D4FF7DD75022 /* Pods-Get-HIITTests.release.xcconfig */;
			buildSettings = {
				ALWAYS_EMBED_SWIFT_STANDARD_LIBRARIES = YES;
				BUNDLE_LOADER = "$(TEST_HOST)";
				CODE_SIGN_STYLE = Automatic;
				DEVELOPMENT_TEAM = YY8J3FPYX8;
				INFOPLIST_FILE = "Get-HIITTests/Info.plist";
				LD_RUNPATH_SEARCH_PATHS = (
					"$(inherited)",
					"@executable_path/Frameworks",
					"@loader_path/Frameworks",
				);
				PRODUCT_BUNDLE_IDENTIFIER = "TAR.Get-HIITTests";
				PRODUCT_NAME = "$(TARGET_NAME)";
				SWIFT_VERSION = 5.0;
				TARGETED_DEVICE_FAMILY = "1,2";
				TEST_HOST = "$(BUILT_PRODUCTS_DIR)/Get-HIIT.app/Get-HIIT";
			};
			name = Release;
		};
		85DBA95D23049C1E006990A1 /* Debug */ = {
			isa = XCBuildConfiguration;
			baseConfigurationReference = E6B862F395FE5B029E8D63EC /* Pods-Get-HIITUITests.debug.xcconfig */;
			buildSettings = {
				ALWAYS_EMBED_SWIFT_STANDARD_LIBRARIES = YES;
				CODE_SIGN_STYLE = Automatic;
				DEVELOPMENT_TEAM = YY8J3FPYX8;
				INFOPLIST_FILE = "Get-HIITUITests/Info.plist";
				LD_RUNPATH_SEARCH_PATHS = (
					"$(inherited)",
					"@executable_path/Frameworks",
					"@loader_path/Frameworks",
				);
				PRODUCT_BUNDLE_IDENTIFIER = "TAR.Get-HIITUITests";
				PRODUCT_NAME = "$(TARGET_NAME)";
				SWIFT_VERSION = 5.0;
				TARGETED_DEVICE_FAMILY = "1,2";
				TEST_TARGET_NAME = "Get-HIIT";
			};
			name = Debug;
		};
		85DBA95E23049C1E006990A1 /* Release */ = {
			isa = XCBuildConfiguration;
			baseConfigurationReference = F3E7070D86DC35EEEF0E82B3 /* Pods-Get-HIITUITests.release.xcconfig */;
			buildSettings = {
				ALWAYS_EMBED_SWIFT_STANDARD_LIBRARIES = YES;
				CODE_SIGN_STYLE = Automatic;
				DEVELOPMENT_TEAM = YY8J3FPYX8;
				INFOPLIST_FILE = "Get-HIITUITests/Info.plist";
				LD_RUNPATH_SEARCH_PATHS = (
					"$(inherited)",
					"@executable_path/Frameworks",
					"@loader_path/Frameworks",
				);
				PRODUCT_BUNDLE_IDENTIFIER = "TAR.Get-HIITUITests";
				PRODUCT_NAME = "$(TARGET_NAME)";
				SWIFT_VERSION = 5.0;
				TARGETED_DEVICE_FAMILY = "1,2";
				TEST_TARGET_NAME = "Get-HIIT";
			};
			name = Release;
		};
/* End XCBuildConfiguration section */

/* Begin XCConfigurationList section */
		85DBA92923049C1D006990A1 /* Build configuration list for PBXProject "Get-HIIT" */ = {
			isa = XCConfigurationList;
			buildConfigurations = (
				85DBA95423049C1E006990A1 /* Debug */,
				85DBA95523049C1E006990A1 /* Release */,
			);
			defaultConfigurationIsVisible = 0;
			defaultConfigurationName = Release;
		};
		85DBA95623049C1E006990A1 /* Build configuration list for PBXNativeTarget "Get-HIIT" */ = {
			isa = XCConfigurationList;
			buildConfigurations = (
				85DBA95723049C1E006990A1 /* Debug */,
				85DBA95823049C1E006990A1 /* Release */,
			);
			defaultConfigurationIsVisible = 0;
			defaultConfigurationName = Release;
		};
		85DBA95923049C1E006990A1 /* Build configuration list for PBXNativeTarget "Get-HIITTests" */ = {
			isa = XCConfigurationList;
			buildConfigurations = (
				85DBA95A23049C1E006990A1 /* Debug */,
				85DBA95B23049C1E006990A1 /* Release */,
			);
			defaultConfigurationIsVisible = 0;
			defaultConfigurationName = Release;
		};
		85DBA95C23049C1E006990A1 /* Build configuration list for PBXNativeTarget "Get-HIITUITests" */ = {
			isa = XCConfigurationList;
			buildConfigurations = (
				85DBA95D23049C1E006990A1 /* Debug */,
				85DBA95E23049C1E006990A1 /* Release */,
			);
			defaultConfigurationIsVisible = 0;
			defaultConfigurationName = Release;
		};
/* End XCConfigurationList section */
	};
	rootObject = 85DBA92623049C1D006990A1 /* Project object */;
}
